PODS:
  - TariCommon (0.1.0)

DEPENDENCIES:
  - TariCommon (from `https://github.com/tari-project/tari-common-ios.git`, tag `0.1.0`)

EXTERNAL SOURCES:
  TariCommon:
    :git: https://github.com/tari-project/tari-common-ios.git
    :tag: 0.1.0

CHECKOUT OPTIONS:
  TariCommon:
    :git: https://github.com/tari-project/tari-common-ios.git
    :tag: 0.1.0

SPEC CHECKSUMS:
  TariCommon: c524aaedbe01cd2780ac0c97706d2bd99daf10d7

PODFILE CHECKSUM: 4af0aa008fb498a392e4342d5249219821a940fd

COCOAPODS: 1.11.2
