// !$*UTF8*$!
{
	archiveVersion = 1;
	classes = {
	};
	objectVersion = 50;
	objects = {

/* Begin PBXBuildFile section */
		A003513026284515004E9752 /* Localizable.strings in Resources */ = {isa = PBXBuildFile; fileRef = A003513226284515004E9752 /* Localizable.strings */; };
		A0035136262845EE004E9752 /* String.swift in Sources */ = {isa = PBXBuildFile; fileRef = A0035135262845EE004E9752 /* String.swift */; };
		A00351452628493E004E9752 /* Assets.xcassets in Resources */ = {isa = PBXBuildFile; fileRef = A00351442628493E004E9752 /* Assets.xcassets */; };
		A003517326285E49004E9752 /* UIFont.swift in Sources */ = {isa = PBXBuildFile; fileRef = A003517226285E49004E9752 /* UIFont.swift */; };
		A003517726286D7D004E9752 /* AllianceNo1-Bold.otf in Resources */ = {isa = PBXBuildFile; fileRef = A003517626286D7D004E9752 /* AllianceNo1-Bold.otf */; };
		A003517D262871B6004E9752 /* AllianceNo1-SemiBold.otf in Resources */ = {isa = PBXBuildFile; fileRef = A003517C262871B6004E9752 /* AllianceNo1-SemiBold.otf */; };
		A003518326287DA9004E9752 /* YatIntroPage3ViewController.swift in Sources */ = {isa = PBXBuildFile; fileRef = A003518226287DA9004E9752 /* YatIntroPage3ViewController.swift */; };
		A003518926287E5C004E9752 /* UIPageViewController.swift in Sources */ = {isa = PBXBuildFile; fileRef = A003518826287E5C004E9752 /* UIPageViewController.swift */; };
		A00351A726288BA7004E9752 /* HorizontalGradientView.swift in Sources */ = {isa = PBXBuildFile; fileRef = A00351A626288BA7004E9752 /* HorizontalGradientView.swift */; };
		A0321D7226330CAF0016BD7A /* YatAPI.swift in Sources */ = {isa = PBXBuildFile; fileRef = A0321D7126330CAF0016BD7A /* YatAPI.swift */; };
		A033B2BD2636FBF40063BFD3 /* YatUser.swift in Sources */ = {isa = PBXBuildFile; fileRef = A033B2BC2636FBF40063BFD3 /* YatUser.swift */; };
		A033B2C32636FCFA0063BFD3 /* YatRegistrationResponse.swift in Sources */ = {isa = PBXBuildFile; fileRef = A033B2C22636FCFA0063BFD3 /* YatRegistrationResponse.swift */; };
		A033B2F4263717E90063BFD3 /* DictionaryTransform.swift in Sources */ = {isa = PBXBuildFile; fileRef = A033B2DA263717E80063BFD3 /* DictionaryTransform.swift */; };
		A033B2F5263717E90063BFD3 /* URLTransform.swift in Sources */ = {isa = PBXBuildFile; fileRef = A033B2DB263717E80063BFD3 /* URLTransform.swift */; };
		A033B2F6263717E90063BFD3 /* DateTransform.swift in Sources */ = {isa = PBXBuildFile; fileRef = A033B2DC263717E90063BFD3 /* DateTransform.swift */; };
		A033B2F7263717E90063BFD3 /* TransformOperators.swift in Sources */ = {isa = PBXBuildFile; fileRef = A033B2DD263717E90063BFD3 /* TransformOperators.swift */; };
		A033B2F8263717E90063BFD3 /* EnumOperators.swift in Sources */ = {isa = PBXBuildFile; fileRef = A033B2DE263717E90063BFD3 /* EnumOperators.swift */; };
		A033B2F9263717E90063BFD3 /* ToJSON.swift in Sources */ = {isa = PBXBuildFile; fileRef = A033B2DF263717E90063BFD3 /* ToJSON.swift */; };
		A033B2FA263717E90063BFD3 /* EnumTransform.swift in Sources */ = {isa = PBXBuildFile; fileRef = A033B2E0263717E90063BFD3 /* EnumTransform.swift */; };
		A033B2FB263717E90063BFD3 /* NSDecimalNumberTransform.swift in Sources */ = {isa = PBXBuildFile; fileRef = A033B2E1263717E90063BFD3 /* NSDecimalNumberTransform.swift */; };
		A033B2FC263717E90063BFD3 /* CustomDateFormatTransform.swift in Sources */ = {isa = PBXBuildFile; fileRef = A033B2E2263717E90063BFD3 /* CustomDateFormatTransform.swift */; };
		A033B2FD263717E90063BFD3 /* DataTransform.swift in Sources */ = {isa = PBXBuildFile; fileRef = A033B2E3263717E90063BFD3 /* DataTransform.swift */; };
		A033B2FE263717E90063BFD3 /* HexColorTransform.swift in Sources */ = {isa = PBXBuildFile; fileRef = A033B2E4263717E90063BFD3 /* HexColorTransform.swift */; };
		A033B2FF263717E90063BFD3 /* Operators.swift in Sources */ = {isa = PBXBuildFile; fileRef = A033B2E5263717E90063BFD3 /* Operators.swift */; };
		A033B301263717E90063BFD3 /* ISO8601DateTransform.swift in Sources */ = {isa = PBXBuildFile; fileRef = A033B2E7263717E90063BFD3 /* ISO8601DateTransform.swift */; };
		A033B302263717E90063BFD3 /* Mappable.swift in Sources */ = {isa = PBXBuildFile; fileRef = A033B2E8263717E90063BFD3 /* Mappable.swift */; };
		A033B303263717E90063BFD3 /* CodableTransform.swift in Sources */ = {isa = PBXBuildFile; fileRef = A033B2E9263717E90063BFD3 /* CodableTransform.swift */; };
		A033B304263717E90063BFD3 /* TransformOf.swift in Sources */ = {isa = PBXBuildFile; fileRef = A033B2EA263717E90063BFD3 /* TransformOf.swift */; };
		A033B305263717E90063BFD3 /* Mapper.swift in Sources */ = {isa = PBXBuildFile; fileRef = A033B2EB263717E90063BFD3 /* Mapper.swift */; };
		A033B307263717E90063BFD3 /* DateFormatterTransform.swift in Sources */ = {isa = PBXBuildFile; fileRef = A033B2ED263717E90063BFD3 /* DateFormatterTransform.swift */; };
		A033B308263717E90063BFD3 /* IntegerOperators.swift in Sources */ = {isa = PBXBuildFile; fileRef = A033B2EE263717E90063BFD3 /* IntegerOperators.swift */; };
		A033B309263717E90063BFD3 /* FromJSON.swift in Sources */ = {isa = PBXBuildFile; fileRef = A033B2EF263717E90063BFD3 /* FromJSON.swift */; };
		A033B30A263717E90063BFD3 /* TransformType.swift in Sources */ = {isa = PBXBuildFile; fileRef = A033B2F0263717E90063BFD3 /* TransformType.swift */; };
		A033B30B263717E90063BFD3 /* Map.swift in Sources */ = {isa = PBXBuildFile; fileRef = A033B2F1263717E90063BFD3 /* Map.swift */; };
		A033B30C263717E90063BFD3 /* MapError.swift in Sources */ = {isa = PBXBuildFile; fileRef = A033B2F2263717E90063BFD3 /* MapError.swift */; };
		A033B30D263717E90063BFD3 /* ImmutableMappable.swift in Sources */ = {isa = PBXBuildFile; fileRef = A033B2F3263717E90063BFD3 /* ImmutableMappable.swift */; };
		A033B31126372AEE0063BFD3 /* YatOrder.swift in Sources */ = {isa = PBXBuildFile; fileRef = A033B31026372AEE0063BFD3 /* YatOrder.swift */; };
		A033B31526372C6C0063BFD3 /* YatCredentials.swift in Sources */ = {isa = PBXBuildFile; fileRef = A033B31426372C6C0063BFD3 /* YatCredentials.swift */; };
		A033B31826372C920063BFD3 /* YatCartCheckoutRequest.swift in Sources */ = {isa = PBXBuildFile; fileRef = A033B31726372C920063BFD3 /* YatCartCheckoutRequest.swift */; };
		A033B31B263735D00063BFD3 /* YatSignMessageResponse.swift in Sources */ = {isa = PBXBuildFile; fileRef = A033B31A263735D00063BFD3 /* YatSignMessageResponse.swift */; };
		A033B31E263740AC0063BFD3 /* DisplayYatViewController.swift in Sources */ = {isa = PBXBuildFile; fileRef = A033B31D263740AC0063BFD3 /* DisplayYatViewController.swift */; };
		A0466B2326280019000BFC1D /* AppDelegate.swift in Sources */ = {isa = PBXBuildFile; fileRef = A0466B2226280019000BFC1D /* AppDelegate.swift */; };
		A0466B2526280019000BFC1D /* SceneDelegate.swift in Sources */ = {isa = PBXBuildFile; fileRef = A0466B2426280019000BFC1D /* SceneDelegate.swift */; };
		A0466B2726280019000BFC1D /* ViewController.swift in Sources */ = {isa = PBXBuildFile; fileRef = A0466B2626280019000BFC1D /* ViewController.swift */; };
		A0466B2A26280019000BFC1D /* Main.storyboard in Resources */ = {isa = PBXBuildFile; fileRef = A0466B2826280019000BFC1D /* Main.storyboard */; };
		A0466B2C2628001C000BFC1D /* Assets.xcassets in Resources */ = {isa = PBXBuildFile; fileRef = A0466B2B2628001C000BFC1D /* Assets.xcassets */; };
		A0466B2F2628001C000BFC1D /* LaunchScreen.storyboard in Resources */ = {isa = PBXBuildFile; fileRef = A0466B2D2628001C000BFC1D /* LaunchScreen.storyboard */; };
		A0466B4B26280BA6000BFC1D /* CircularSpotifyTxT-Book.otf in Resources */ = {isa = PBXBuildFile; fileRef = A0466B4A26280BA6000BFC1D /* CircularSpotifyTxT-Book.otf */; };
		A0466B5C26280CC2000BFC1D /* YatLib.swift in Sources */ = {isa = PBXBuildFile; fileRef = A0466B5B26280CC2000BFC1D /* YatLib.swift */; };
		A0466B642628100D000BFC1D /* YatLib.framework in Frameworks */ = {isa = PBXBuildFile; fileRef = A07485422627FFBE00B24AF8 /* YatLib.framework */; };
		A0466B652628100D000BFC1D /* YatLib.framework in Embed Frameworks */ = {isa = PBXBuildFile; fileRef = A07485422627FFBE00B24AF8 /* YatLib.framework */; settings = {ATTRIBUTES = (CodeSignOnCopy, RemoveHeadersOnCopy, ); }; };
		A0466B6A26281084000BFC1D /* YatIntroPageViewController.swift in Sources */ = {isa = PBXBuildFile; fileRef = A0466B6926281084000BFC1D /* YatIntroPageViewController.swift */; };
		A0466B72262813BD000BFC1D /* YatIntroPage1ViewController.swift in Sources */ = {isa = PBXBuildFile; fileRef = A0466B71262813BD000BFC1D /* YatIntroPage1ViewController.swift */; };
		A0466B76262815BA000BFC1D /* YatIntroPage2ViewController.swift in Sources */ = {isa = PBXBuildFile; fileRef = A0466B75262815BA000BFC1D /* YatIntroPage2ViewController.swift */; };
		A0466B8626281F4E000BFC1D /* UIColor.swift in Sources */ = {isa = PBXBuildFile; fileRef = A0466B8526281F4E000BFC1D /* UIColor.swift */; };
		A0592D7E263BCD66007AB90E /* AvenirLTStd-Heavy.otf in Resources */ = {isa = PBXBuildFile; fileRef = A0592D7D263BCD66007AB90E /* AvenirLTStd-Heavy.otf */; };
		A0592D83263C3A62007AB90E /* YatRecord.swift in Sources */ = {isa = PBXBuildFile; fileRef = A0592D82263C3A62007AB90E /* YatRecord.swift */; };
		A0592D86263C3AC8007AB90E /* YatCartRequest.swift in Sources */ = {isa = PBXBuildFile; fileRef = A0592D85263C3AC8007AB90E /* YatCartRequest.swift */; };
		A0592D8A263C3AE6007AB90E /* YatUpdateRequest.swift in Sources */ = {isa = PBXBuildFile; fileRef = A0592D89263C3AE6007AB90E /* YatUpdateRequest.swift */; };
		A0592D8D263C3B0F007AB90E /* YatLookupResponse.swift in Sources */ = {isa = PBXBuildFile; fileRef = A0592D8C263C3B0F007AB90E /* YatLookupResponse.swift */; };
		A0592D91263C566D007AB90E /* URL.swift in Sources */ = {isa = PBXBuildFile; fileRef = A0592D90263C566D007AB90E /* URL.swift */; };
		A074854C2627FFBE00B24AF8 /* YatLib.framework in Frameworks */ = {isa = PBXBuildFile; fileRef = A07485422627FFBE00B24AF8 /* YatLib.framework */; };
		A07485512627FFBE00B24AF8 /* YatLibTests.swift in Sources */ = {isa = PBXBuildFile; fileRef = A07485502627FFBE00B24AF8 /* YatLibTests.swift */; };
		A07485532627FFBE00B24AF8 /* YatLib.h in Headers */ = {isa = PBXBuildFile; fileRef = A07485452627FFBE00B24AF8 /* YatLib.h */; settings = {ATTRIBUTES = (Public, ); }; };
		A0AC6A692629B86800DC5C43 /* Theme.swift in Sources */ = {isa = PBXBuildFile; fileRef = A0AC6A682629B86800DC5C43 /* Theme.swift */; };
		A0AC6A6F2629BCBA00DC5C43 /* AvenirLTStd-Black.otf in Resources */ = {isa = PBXBuildFile; fileRef = A0AC6A6E2629BCBA00DC5C43 /* AvenirLTStd-Black.otf */; };
		A0AC6A732629BCCC00DC5C43 /* AvenirLTStd-Medium.otf in Resources */ = {isa = PBXBuildFile; fileRef = A0AC6A722629BCCC00DC5C43 /* AvenirLTStd-Medium.otf */; };
		A0C54AF626405AC200E621F0 /* YatAppConfig.swift in Sources */ = {isa = PBXBuildFile; fileRef = A0C54AF526405AC200E621F0 /* YatAppConfig.swift */; };
/* End PBXBuildFile section */

/* Begin PBXContainerItemProxy section */
		A0466B662628100D000BFC1D /* PBXContainerItemProxy */ = {
			isa = PBXContainerItemProxy;
			containerPortal = A07485392627FFBE00B24AF8 /* Project object */;
			proxyType = 1;
			remoteGlobalIDString = A07485412627FFBE00B24AF8;
			remoteInfo = YatLib;
		};
		A074854D2627FFBE00B24AF8 /* PBXContainerItemProxy */ = {
			isa = PBXContainerItemProxy;
			containerPortal = A07485392627FFBE00B24AF8 /* Project object */;
			proxyType = 1;
			remoteGlobalIDString = A07485412627FFBE00B24AF8;
			remoteInfo = YatLib;
		};
/* End PBXContainerItemProxy section */

/* Begin PBXCopyFilesBuildPhase section */
		A033B2C82636FD840063BFD3 /* Embed Frameworks */ = {
			isa = PBXCopyFilesBuildPhase;
			buildActionMask = 2147483647;
			dstPath = "";
			dstSubfolderSpec = 10;
			files = (
			);
			name = "Embed Frameworks";
			runOnlyForDeploymentPostprocessing = 0;
		};
		A0466B682628100D000BFC1D /* Embed Frameworks */ = {
			isa = PBXCopyFilesBuildPhase;
			buildActionMask = 2147483647;
			dstPath = "";
			dstSubfolderSpec = 10;
			files = (
				A0466B652628100D000BFC1D /* YatLib.framework in Embed Frameworks */,
			);
			name = "Embed Frameworks";
			runOnlyForDeploymentPostprocessing = 0;
		};
/* End PBXCopyFilesBuildPhase section */

/* Begin PBXFileReference section */
		A003513126284515004E9752 /* en */ = {isa = PBXFileReference; lastKnownFileType = text.plist.strings; name = en; path = en.lproj/Localizable.strings; sourceTree = "<group>"; };
		A0035135262845EE004E9752 /* String.swift */ = {isa = PBXFileReference; lastKnownFileType = sourcecode.swift; path = String.swift; sourceTree = "<group>"; };
		A00351442628493E004E9752 /* Assets.xcassets */ = {isa = PBXFileReference; lastKnownFileType = folder.assetcatalog; path = Assets.xcassets; sourceTree = "<group>"; };
		A003517226285E49004E9752 /* UIFont.swift */ = {isa = PBXFileReference; lastKnownFileType = sourcecode.swift; path = UIFont.swift; sourceTree = "<group>"; };
		A003517626286D7D004E9752 /* AllianceNo1-Bold.otf */ = {isa = PBXFileReference; lastKnownFileType = file; path = "AllianceNo1-Bold.otf"; sourceTree = "<group>"; };
		A003517C262871B6004E9752 /* AllianceNo1-SemiBold.otf */ = {isa = PBXFileReference; lastKnownFileType = file; path = "AllianceNo1-SemiBold.otf"; sourceTree = "<group>"; };
		A003518226287DA9004E9752 /* YatIntroPage3ViewController.swift */ = {isa = PBXFileReference; lastKnownFileType = sourcecode.swift; path = YatIntroPage3ViewController.swift; sourceTree = "<group>"; };
		A003518826287E5C004E9752 /* UIPageViewController.swift */ = {isa = PBXFileReference; lastKnownFileType = sourcecode.swift; path = UIPageViewController.swift; sourceTree = "<group>"; };
		A00351A626288BA7004E9752 /* HorizontalGradientView.swift */ = {isa = PBXFileReference; lastKnownFileType = sourcecode.swift; path = HorizontalGradientView.swift; sourceTree = "<group>"; };
		A0321D7126330CAF0016BD7A /* YatAPI.swift */ = {isa = PBXFileReference; lastKnownFileType = sourcecode.swift; path = YatAPI.swift; sourceTree = "<group>"; };
		A033B2BC2636FBF40063BFD3 /* YatUser.swift */ = {isa = PBXFileReference; fileEncoding = 4; lastKnownFileType = sourcecode.swift; path = YatUser.swift; sourceTree = "<group>"; };
		A033B2C22636FCFA0063BFD3 /* YatRegistrationResponse.swift */ = {isa = PBXFileReference; fileEncoding = 4; lastKnownFileType = sourcecode.swift; path = YatRegistrationResponse.swift; sourceTree = "<group>"; };
		A033B2DA263717E80063BFD3 /* DictionaryTransform.swift */ = {isa = PBXFileReference; fileEncoding = 4; lastKnownFileType = sourcecode.swift; path = DictionaryTransform.swift; sourceTree = "<group>"; };
		A033B2DB263717E80063BFD3 /* URLTransform.swift */ = {isa = PBXFileReference; fileEncoding = 4; lastKnownFileType = sourcecode.swift; path = URLTransform.swift; sourceTree = "<group>"; };
		A033B2DC263717E90063BFD3 /* DateTransform.swift */ = {isa = PBXFileReference; fileEncoding = 4; lastKnownFileType = sourcecode.swift; path = DateTransform.swift; sourceTree = "<group>"; };
		A033B2DD263717E90063BFD3 /* TransformOperators.swift */ = {isa = PBXFileReference; fileEncoding = 4; lastKnownFileType = sourcecode.swift; path = TransformOperators.swift; sourceTree = "<group>"; };
		A033B2DE263717E90063BFD3 /* EnumOperators.swift */ = {isa = PBXFileReference; fileEncoding = 4; lastKnownFileType = sourcecode.swift; path = EnumOperators.swift; sourceTree = "<group>"; };
		A033B2DF263717E90063BFD3 /* ToJSON.swift */ = {isa = PBXFileReference; fileEncoding = 4; lastKnownFileType = sourcecode.swift; path = ToJSON.swift; sourceTree = "<group>"; };
		A033B2E0263717E90063BFD3 /* EnumTransform.swift */ = {isa = PBXFileReference; fileEncoding = 4; lastKnownFileType = sourcecode.swift; path = EnumTransform.swift; sourceTree = "<group>"; };
		A033B2E1263717E90063BFD3 /* NSDecimalNumberTransform.swift */ = {isa = PBXFileReference; fileEncoding = 4; lastKnownFileType = sourcecode.swift; path = NSDecimalNumberTransform.swift; sourceTree = "<group>"; };
		A033B2E2263717E90063BFD3 /* CustomDateFormatTransform.swift */ = {isa = PBXFileReference; fileEncoding = 4; lastKnownFileType = sourcecode.swift; path = CustomDateFormatTransform.swift; sourceTree = "<group>"; };
		A033B2E3263717E90063BFD3 /* DataTransform.swift */ = {isa = PBXFileReference; fileEncoding = 4; lastKnownFileType = sourcecode.swift; path = DataTransform.swift; sourceTree = "<group>"; };
		A033B2E4263717E90063BFD3 /* HexColorTransform.swift */ = {isa = PBXFileReference; fileEncoding = 4; lastKnownFileType = sourcecode.swift; path = HexColorTransform.swift; sourceTree = "<group>"; };
		A033B2E5263717E90063BFD3 /* Operators.swift */ = {isa = PBXFileReference; fileEncoding = 4; lastKnownFileType = sourcecode.swift; path = Operators.swift; sourceTree = "<group>"; };
		A033B2E7263717E90063BFD3 /* ISO8601DateTransform.swift */ = {isa = PBXFileReference; fileEncoding = 4; lastKnownFileType = sourcecode.swift; path = ISO8601DateTransform.swift; sourceTree = "<group>"; };
		A033B2E8263717E90063BFD3 /* Mappable.swift */ = {isa = PBXFileReference; fileEncoding = 4; lastKnownFileType = sourcecode.swift; path = Mappable.swift; sourceTree = "<group>"; };
		A033B2E9263717E90063BFD3 /* CodableTransform.swift */ = {isa = PBXFileReference; fileEncoding = 4; lastKnownFileType = sourcecode.swift; path = CodableTransform.swift; sourceTree = "<group>"; };
		A033B2EA263717E90063BFD3 /* TransformOf.swift */ = {isa = PBXFileReference; fileEncoding = 4; lastKnownFileType = sourcecode.swift; path = TransformOf.swift; sourceTree = "<group>"; };
		A033B2EB263717E90063BFD3 /* Mapper.swift */ = {isa = PBXFileReference; fileEncoding = 4; lastKnownFileType = sourcecode.swift; path = Mapper.swift; sourceTree = "<group>"; };
		A033B2ED263717E90063BFD3 /* DateFormatterTransform.swift */ = {isa = PBXFileReference; fileEncoding = 4; lastKnownFileType = sourcecode.swift; path = DateFormatterTransform.swift; sourceTree = "<group>"; };
		A033B2EE263717E90063BFD3 /* IntegerOperators.swift */ = {isa = PBXFileReference; fileEncoding = 4; lastKnownFileType = sourcecode.swift; path = IntegerOperators.swift; sourceTree = "<group>"; };
		A033B2EF263717E90063BFD3 /* FromJSON.swift */ = {isa = PBXFileReference; fileEncoding = 4; lastKnownFileType = sourcecode.swift; path = FromJSON.swift; sourceTree = "<group>"; };
		A033B2F0263717E90063BFD3 /* TransformType.swift */ = {isa = PBXFileReference; fileEncoding = 4; lastKnownFileType = sourcecode.swift; path = TransformType.swift; sourceTree = "<group>"; };
		A033B2F1263717E90063BFD3 /* Map.swift */ = {isa = PBXFileReference; fileEncoding = 4; lastKnownFileType = sourcecode.swift; path = Map.swift; sourceTree = "<group>"; };
		A033B2F2263717E90063BFD3 /* MapError.swift */ = {isa = PBXFileReference; fileEncoding = 4; lastKnownFileType = sourcecode.swift; path = MapError.swift; sourceTree = "<group>"; };
		A033B2F3263717E90063BFD3 /* ImmutableMappable.swift */ = {isa = PBXFileReference; fileEncoding = 4; lastKnownFileType = sourcecode.swift; path = ImmutableMappable.swift; sourceTree = "<group>"; };
		A033B31026372AEE0063BFD3 /* YatOrder.swift */ = {isa = PBXFileReference; fileEncoding = 4; lastKnownFileType = sourcecode.swift; path = YatOrder.swift; sourceTree = "<group>"; };
		A033B31426372C6C0063BFD3 /* YatCredentials.swift */ = {isa = PBXFileReference; fileEncoding = 4; lastKnownFileType = sourcecode.swift; path = YatCredentials.swift; sourceTree = "<group>"; };
		A033B31726372C920063BFD3 /* YatCartCheckoutRequest.swift */ = {isa = PBXFileReference; fileEncoding = 4; lastKnownFileType = sourcecode.swift; path = YatCartCheckoutRequest.swift; sourceTree = "<group>"; };
		A033B31A263735D00063BFD3 /* YatSignMessageResponse.swift */ = {isa = PBXFileReference; lastKnownFileType = sourcecode.swift; path = YatSignMessageResponse.swift; sourceTree = "<group>"; };
		A033B31D263740AC0063BFD3 /* DisplayYatViewController.swift */ = {isa = PBXFileReference; lastKnownFileType = sourcecode.swift; path = DisplayYatViewController.swift; sourceTree = "<group>"; };
		A0466B2026280019000BFC1D /* YatLibExample.app */ = {isa = PBXFileReference; explicitFileType = wrapper.application; includeInIndex = 0; path = YatLibExample.app; sourceTree = BUILT_PRODUCTS_DIR; };
		A0466B2226280019000BFC1D /* AppDelegate.swift */ = {isa = PBXFileReference; lastKnownFileType = sourcecode.swift; path = AppDelegate.swift; sourceTree = "<group>"; };
		A0466B2426280019000BFC1D /* SceneDelegate.swift */ = {isa = PBXFileReference; lastKnownFileType = sourcecode.swift; path = SceneDelegate.swift; sourceTree = "<group>"; };
		A0466B2626280019000BFC1D /* ViewController.swift */ = {isa = PBXFileReference; lastKnownFileType = sourcecode.swift; path = ViewController.swift; sourceTree = "<group>"; };
		A0466B2926280019000BFC1D /* Base */ = {isa = PBXFileReference; lastKnownFileType = file.storyboard; name = Base; path = Base.lproj/Main.storyboard; sourceTree = "<group>"; };
		A0466B2B2628001C000BFC1D /* Assets.xcassets */ = {isa = PBXFileReference; lastKnownFileType = folder.assetcatalog; path = Assets.xcassets; sourceTree = "<group>"; };
		A0466B2E2628001C000BFC1D /* Base */ = {isa = PBXFileReference; lastKnownFileType = file.storyboard; name = Base; path = Base.lproj/LaunchScreen.storyboard; sourceTree = "<group>"; };
		A0466B302628001C000BFC1D /* Info.plist */ = {isa = PBXFileReference; lastKnownFileType = text.plist.xml; path = Info.plist; sourceTree = "<group>"; };
		A0466B4A26280BA6000BFC1D /* CircularSpotifyTxT-Book.otf */ = {isa = PBXFileReference; lastKnownFileType = file; path = "CircularSpotifyTxT-Book.otf"; sourceTree = "<group>"; };
		A0466B5B26280CC2000BFC1D /* YatLib.swift */ = {isa = PBXFileReference; lastKnownFileType = sourcecode.swift; path = YatLib.swift; sourceTree = "<group>"; };
		A0466B6926281084000BFC1D /* YatIntroPageViewController.swift */ = {isa = PBXFileReference; lastKnownFileType = sourcecode.swift; path = YatIntroPageViewController.swift; sourceTree = "<group>"; };
		A0466B71262813BD000BFC1D /* YatIntroPage1ViewController.swift */ = {isa = PBXFileReference; lastKnownFileType = sourcecode.swift; path = YatIntroPage1ViewController.swift; sourceTree = "<group>"; };
		A0466B75262815BA000BFC1D /* YatIntroPage2ViewController.swift */ = {isa = PBXFileReference; lastKnownFileType = sourcecode.swift; path = YatIntroPage2ViewController.swift; sourceTree = "<group>"; };
		A0466B8526281F4E000BFC1D /* UIColor.swift */ = {isa = PBXFileReference; lastKnownFileType = sourcecode.swift; path = UIColor.swift; sourceTree = "<group>"; };
		A0592D7D263BCD66007AB90E /* AvenirLTStd-Heavy.otf */ = {isa = PBXFileReference; lastKnownFileType = file; path = "AvenirLTStd-Heavy.otf"; sourceTree = "<group>"; };
		A0592D82263C3A62007AB90E /* YatRecord.swift */ = {isa = PBXFileReference; lastKnownFileType = sourcecode.swift; path = YatRecord.swift; sourceTree = "<group>"; };
		A0592D85263C3AC8007AB90E /* YatCartRequest.swift */ = {isa = PBXFileReference; lastKnownFileType = sourcecode.swift; path = YatCartRequest.swift; sourceTree = "<group>"; };
		A0592D89263C3AE6007AB90E /* YatUpdateRequest.swift */ = {isa = PBXFileReference; lastKnownFileType = sourcecode.swift; path = YatUpdateRequest.swift; sourceTree = "<group>"; };
		A0592D8C263C3B0F007AB90E /* YatLookupResponse.swift */ = {isa = PBXFileReference; lastKnownFileType = sourcecode.swift; path = YatLookupResponse.swift; sourceTree = "<group>"; };
		A0592D90263C566D007AB90E /* URL.swift */ = {isa = PBXFileReference; lastKnownFileType = sourcecode.swift; path = URL.swift; sourceTree = "<group>"; };
		A07485422627FFBE00B24AF8 /* YatLib.framework */ = {isa = PBXFileReference; explicitFileType = wrapper.framework; includeInIndex = 0; path = YatLib.framework; sourceTree = BUILT_PRODUCTS_DIR; };
		A07485452627FFBE00B24AF8 /* YatLib.h */ = {isa = PBXFileReference; lastKnownFileType = sourcecode.c.h; path = YatLib.h; sourceTree = "<group>"; };
		A07485462627FFBE00B24AF8 /* Info.plist */ = {isa = PBXFileReference; lastKnownFileType = text.plist.xml; path = Info.plist; sourceTree = "<group>"; };
		A074854B2627FFBE00B24AF8 /* YatLibTests.xctest */ = {isa = PBXFileReference; explicitFileType = wrapper.cfbundle; includeInIndex = 0; path = YatLibTests.xctest; sourceTree = BUILT_PRODUCTS_DIR; };
		A07485502627FFBE00B24AF8 /* YatLibTests.swift */ = {isa = PBXFileReference; lastKnownFileType = sourcecode.swift; path = YatLibTests.swift; sourceTree = "<group>"; };
		A07485522627FFBE00B24AF8 /* Info.plist */ = {isa = PBXFileReference; lastKnownFileType = text.plist.xml; path = Info.plist; sourceTree = "<group>"; };
		A0AC6A682629B86800DC5C43 /* Theme.swift */ = {isa = PBXFileReference; lastKnownFileType = sourcecode.swift; path = Theme.swift; sourceTree = "<group>"; };
		A0AC6A6E2629BCBA00DC5C43 /* AvenirLTStd-Black.otf */ = {isa = PBXFileReference; lastKnownFileType = file; path = "AvenirLTStd-Black.otf"; sourceTree = "<group>"; };
		A0AC6A722629BCCC00DC5C43 /* AvenirLTStd-Medium.otf */ = {isa = PBXFileReference; lastKnownFileType = file; path = "AvenirLTStd-Medium.otf"; sourceTree = "<group>"; };
		A0C54AF526405AC200E621F0 /* YatAppConfig.swift */ = {isa = PBXFileReference; lastKnownFileType = sourcecode.swift; path = YatAppConfig.swift; sourceTree = "<group>"; };
/* End PBXFileReference section */

/* Begin PBXFrameworksBuildPhase section */
		A0466B1D26280019000BFC1D /* Frameworks */ = {
			isa = PBXFrameworksBuildPhase;
			buildActionMask = 2147483647;
			files = (
				A0466B642628100D000BFC1D /* YatLib.framework in Frameworks */,
			);
			runOnlyForDeploymentPostprocessing = 0;
		};
		A074853F2627FFBE00B24AF8 /* Frameworks */ = {
			isa = PBXFrameworksBuildPhase;
			buildActionMask = 2147483647;
			files = (
			);
			runOnlyForDeploymentPostprocessing = 0;
		};
		A07485482627FFBE00B24AF8 /* Frameworks */ = {
			isa = PBXFrameworksBuildPhase;
			buildActionMask = 2147483647;
			files = (
				A074854C2627FFBE00B24AF8 /* YatLib.framework in Frameworks */,
			);
			runOnlyForDeploymentPostprocessing = 0;
		};
/* End PBXFrameworksBuildPhase section */

/* Begin PBXGroup section */
		A0321D6E26330BC80016BD7A /* API */ = {
			isa = PBXGroup;
			children = (
				A0321D7526330F000016BD7A /* Model */,
				A0321D7126330CAF0016BD7A /* YatAPI.swift */,
			);
			path = API;
			sourceTree = "<group>";
		};
		A0321D7526330F000016BD7A /* Model */ = {
			isa = PBXGroup;
			children = (
				A033B31326372C640063BFD3 /* Authentication */,
				A033B2C02636FCDD0063BFD3 /* Request */,
				A033B2C12636FCE60063BFD3 /* Response */,
				A033B31026372AEE0063BFD3 /* YatOrder.swift */,
				A0592D82263C3A62007AB90E /* YatRecord.swift */,
				A033B2BC2636FBF40063BFD3 /* YatUser.swift */,
			);
			path = Model;
			sourceTree = "<group>";
		};
		A033B2C02636FCDD0063BFD3 /* Request */ = {
			isa = PBXGroup;
			children = (
				A033B31726372C920063BFD3 /* YatCartCheckoutRequest.swift */,
				A0592D85263C3AC8007AB90E /* YatCartRequest.swift */,
				A0592D89263C3AE6007AB90E /* YatUpdateRequest.swift */,
			);
			path = Request;
			sourceTree = "<group>";
		};
		A033B2C12636FCE60063BFD3 /* Response */ = {
			isa = PBXGroup;
			children = (
				A0592D8C263C3B0F007AB90E /* YatLookupResponse.swift */,
				A033B2C22636FCFA0063BFD3 /* YatRegistrationResponse.swift */,
				A033B31A263735D00063BFD3 /* YatSignMessageResponse.swift */,
			);
			path = Response;
			sourceTree = "<group>";
		};
		A033B2D9263717D20063BFD3 /* ObjectMapper */ = {
			isa = PBXGroup;
			children = (
				A033B2E9263717E90063BFD3 /* CodableTransform.swift */,
				A033B2E2263717E90063BFD3 /* CustomDateFormatTransform.swift */,
				A033B2E3263717E90063BFD3 /* DataTransform.swift */,
				A033B2ED263717E90063BFD3 /* DateFormatterTransform.swift */,
				A033B2DC263717E90063BFD3 /* DateTransform.swift */,
				A033B2DA263717E80063BFD3 /* DictionaryTransform.swift */,
				A033B2DE263717E90063BFD3 /* EnumOperators.swift */,
				A033B2E0263717E90063BFD3 /* EnumTransform.swift */,
				A033B2EF263717E90063BFD3 /* FromJSON.swift */,
				A033B2E4263717E90063BFD3 /* HexColorTransform.swift */,
				A033B2F3263717E90063BFD3 /* ImmutableMappable.swift */,
				A033B2EE263717E90063BFD3 /* IntegerOperators.swift */,
				A033B2E7263717E90063BFD3 /* ISO8601DateTransform.swift */,
				A033B2F1263717E90063BFD3 /* Map.swift */,
				A033B2F2263717E90063BFD3 /* MapError.swift */,
				A033B2E8263717E90063BFD3 /* Mappable.swift */,
				A033B2EB263717E90063BFD3 /* Mapper.swift */,
				A033B2E1263717E90063BFD3 /* NSDecimalNumberTransform.swift */,
				A033B2E5263717E90063BFD3 /* Operators.swift */,
				A033B2DF263717E90063BFD3 /* ToJSON.swift */,
				A033B2EA263717E90063BFD3 /* TransformOf.swift */,
				A033B2DD263717E90063BFD3 /* TransformOperators.swift */,
				A033B2F0263717E90063BFD3 /* TransformType.swift */,
				A033B2DB263717E80063BFD3 /* URLTransform.swift */,
			);
			path = ObjectMapper;
			sourceTree = "<group>";
		};
		A033B31326372C640063BFD3 /* Authentication */ = {
			isa = PBXGroup;
			children = (
				A033B31426372C6C0063BFD3 /* YatCredentials.swift */,
			);
			path = Authentication;
			sourceTree = "<group>";
		};
		A0466B2126280019000BFC1D /* YatLibExample */ = {
			isa = PBXGroup;
			children = (
				A0466B3F2628046B000BFC1D /* Application */,
				A0466B412628048F000BFC1D /* Resources */,
				A0466B402628047F000BFC1D /* ViewControllers */,
			);
			path = YatLibExample;
			sourceTree = "<group>";
		};
		A0466B37262800B5000BFC1D /* Views */ = {
			isa = PBXGroup;
			children = (
				A00351A626288BA7004E9752 /* HorizontalGradientView.swift */,
			);
			path = Views;
			sourceTree = "<group>";
		};
		A0466B38262800C3000BFC1D /* ViewControllers */ = {
			isa = PBXGroup;
			children = (
				A033B31D263740AC0063BFD3 /* DisplayYatViewController.swift */,
				A0466B71262813BD000BFC1D /* YatIntroPage1ViewController.swift */,
				A0466B75262815BA000BFC1D /* YatIntroPage2ViewController.swift */,
				A003518226287DA9004E9752 /* YatIntroPage3ViewController.swift */,
				A0466B6926281084000BFC1D /* YatIntroPageViewController.swift */,
			);
			path = ViewControllers;
			sourceTree = "<group>";
		};
		A0466B3926280403000BFC1D /* Resources */ = {
			isa = PBXGroup;
			children = (
				A07485462627FFBE00B24AF8 /* Info.plist */,
				A00351442628493E004E9752 /* Assets.xcassets */,
				A0466B4926280B8A000BFC1D /* Fonts */,
				A003513226284515004E9752 /* Localizable.strings */,
			);
			path = Resources;
			sourceTree = "<group>";
		};
		A0466B3F2628046B000BFC1D /* Application */ = {
			isa = PBXGroup;
			children = (
				A0466B2226280019000BFC1D /* AppDelegate.swift */,
				A0466B2426280019000BFC1D /* SceneDelegate.swift */,
			);
			path = Application;
			sourceTree = "<group>";
		};
		A0466B402628047F000BFC1D /* ViewControllers */ = {
			isa = PBXGroup;
			children = (
				A0466B2626280019000BFC1D /* ViewController.swift */,
			);
			path = ViewControllers;
			sourceTree = "<group>";
		};
		A0466B412628048F000BFC1D /* Resources */ = {
			isa = PBXGroup;
			children = (
				A0466B2B2628001C000BFC1D /* Assets.xcassets */,
				A0466B302628001C000BFC1D /* Info.plist */,
				A0466B42262804B1000BFC1D /* UI */,
			);
			path = Resources;
			sourceTree = "<group>";
		};
		A0466B42262804B1000BFC1D /* UI */ = {
			isa = PBXGroup;
			children = (
				A0466B2D2628001C000BFC1D /* LaunchScreen.storyboard */,
				A0466B2826280019000BFC1D /* Main.storyboard */,
			);
			path = UI;
			sourceTree = "<group>";
		};
		A0466B43262804DE000BFC1D /* Classes */ = {
			isa = PBXGroup;
			children = (
				A07485452627FFBE00B24AF8 /* YatLib.h */,
				A0466B5B26280CC2000BFC1D /* YatLib.swift */,
				A0321D6E26330BC80016BD7A /* API */,
				A0C54AF826405B0400E621F0 /* Config */,
				A0466B8426281F3B000BFC1D /* Extensions */,
				A0AC6A672629B85B00DC5C43 /* Helpers */,
				A033B2D9263717D20063BFD3 /* ObjectMapper */,
				A0466B38262800C3000BFC1D /* ViewControllers */,
				A0466B37262800B5000BFC1D /* Views */,
			);
			path = Classes;
			sourceTree = "<group>";
		};
		A0466B4926280B8A000BFC1D /* Fonts */ = {
			isa = PBXGroup;
			children = (
				A003517626286D7D004E9752 /* AllianceNo1-Bold.otf */,
				A003517C262871B6004E9752 /* AllianceNo1-SemiBold.otf */,
				A0AC6A6E2629BCBA00DC5C43 /* AvenirLTStd-Black.otf */,
				A0592D7D263BCD66007AB90E /* AvenirLTStd-Heavy.otf */,
				A0AC6A722629BCCC00DC5C43 /* AvenirLTStd-Medium.otf */,
				A0466B4A26280BA6000BFC1D /* CircularSpotifyTxT-Book.otf */,
			);
			path = Fonts;
			sourceTree = "<group>";
		};
		A0466B632628100D000BFC1D /* Frameworks */ = {
			isa = PBXGroup;
			children = (
			);
			name = Frameworks;
			sourceTree = "<group>";
		};
		A0466B8426281F3B000BFC1D /* Extensions */ = {
			isa = PBXGroup;
			children = (
				A0035135262845EE004E9752 /* String.swift */,
				A0466B8526281F4E000BFC1D /* UIColor.swift */,
				A003517226285E49004E9752 /* UIFont.swift */,
				A003518826287E5C004E9752 /* UIPageViewController.swift */,
				A0592D90263C566D007AB90E /* URL.swift */,
			);
			path = Extensions;
			sourceTree = "<group>";
		};
		A07485382627FFBE00B24AF8 = {
			isa = PBXGroup;
			children = (
				A07485442627FFBE00B24AF8 /* YatLib */,
				A074854F2627FFBE00B24AF8 /* YatLibTests */,
				A0466B2126280019000BFC1D /* YatLibExample */,
				A07485432627FFBE00B24AF8 /* Products */,
				A0466B632628100D000BFC1D /* Frameworks */,
			);
			sourceTree = "<group>";
		};
		A07485432627FFBE00B24AF8 /* Products */ = {
			isa = PBXGroup;
			children = (
				A07485422627FFBE00B24AF8 /* YatLib.framework */,
				A074854B2627FFBE00B24AF8 /* YatLibTests.xctest */,
				A0466B2026280019000BFC1D /* YatLibExample.app */,
			);
			name = Products;
			sourceTree = "<group>";
		};
		A07485442627FFBE00B24AF8 /* YatLib */ = {
			isa = PBXGroup;
			children = (
				A0466B43262804DE000BFC1D /* Classes */,
				A0466B3926280403000BFC1D /* Resources */,
			);
			path = YatLib;
			sourceTree = "<group>";
		};
		A074854F2627FFBE00B24AF8 /* YatLibTests */ = {
			isa = PBXGroup;
			children = (
				A07485502627FFBE00B24AF8 /* YatLibTests.swift */,
				A07485522627FFBE00B24AF8 /* Info.plist */,
			);
			path = YatLibTests;
			sourceTree = "<group>";
		};
		A0AC6A672629B85B00DC5C43 /* Helpers */ = {
			isa = PBXGroup;
			children = (
				A0AC6A682629B86800DC5C43 /* Theme.swift */,
			);
			path = Helpers;
			sourceTree = "<group>";
		};
		A0C54AF826405B0400E621F0 /* Config */ = {
			isa = PBXGroup;
			children = (
				A0C54AF526405AC200E621F0 /* YatAppConfig.swift */,
			);
			path = Config;
			sourceTree = "<group>";
		};
/* End PBXGroup section */

/* Begin PBXHeadersBuildPhase section */
		A074853D2627FFBE00B24AF8 /* Headers */ = {
			isa = PBXHeadersBuildPhase;
			buildActionMask = 2147483647;
			files = (
				A07485532627FFBE00B24AF8 /* YatLib.h in Headers */,
			);
			runOnlyForDeploymentPostprocessing = 0;
		};
/* End PBXHeadersBuildPhase section */

/* Begin PBXNativeTarget section */
		A0466B1F26280019000BFC1D /* YatLibExample */ = {
			isa = PBXNativeTarget;
			buildConfigurationList = A0466B332628001C000BFC1D /* Build configuration list for PBXNativeTarget "YatLibExample" */;
			buildPhases = (
				A0466B1C26280019000BFC1D /* Sources */,
				A0466B1D26280019000BFC1D /* Frameworks */,
				A0466B1E26280019000BFC1D /* Resources */,
				A0466B682628100D000BFC1D /* Embed Frameworks */,
			);
			buildRules = (
			);
			dependencies = (
				A0466B672628100D000BFC1D /* PBXTargetDependency */,
			);
			name = YatLibExample;
			productName = YatLibExample;
			productReference = A0466B2026280019000BFC1D /* YatLibExample.app */;
			productType = "com.apple.product-type.application";
		};
		A07485412627FFBE00B24AF8 /* YatLib */ = {
			isa = PBXNativeTarget;
			buildConfigurationList = A07485562627FFBE00B24AF8 /* Build configuration list for PBXNativeTarget "YatLib" */;
			buildPhases = (
				A074853D2627FFBE00B24AF8 /* Headers */,
				A074853E2627FFBE00B24AF8 /* Sources */,
				A074853F2627FFBE00B24AF8 /* Frameworks */,
				A07485402627FFBE00B24AF8 /* Resources */,
				A033B2C82636FD840063BFD3 /* Embed Frameworks */,
			);
			buildRules = (
			);
			dependencies = (
			);
			name = YatLib;
			productName = YatLib;
			productReference = A07485422627FFBE00B24AF8 /* YatLib.framework */;
			productType = "com.apple.product-type.framework";
		};
		A074854A2627FFBE00B24AF8 /* YatLibTests */ = {
			isa = PBXNativeTarget;
			buildConfigurationList = A07485592627FFBE00B24AF8 /* Build configuration list for PBXNativeTarget "YatLibTests" */;
			buildPhases = (
				A07485472627FFBE00B24AF8 /* Sources */,
				A07485482627FFBE00B24AF8 /* Frameworks */,
				A07485492627FFBE00B24AF8 /* Resources */,
			);
			buildRules = (
			);
			dependencies = (
				A074854E2627FFBE00B24AF8 /* PBXTargetDependency */,
			);
			name = YatLibTests;
			productName = YatLibTests;
			productReference = A074854B2627FFBE00B24AF8 /* YatLibTests.xctest */;
			productType = "com.apple.product-type.bundle.unit-test";
		};
/* End PBXNativeTarget section */

/* Begin PBXProject section */
		A07485392627FFBE00B24AF8 /* Project object */ = {
			isa = PBXProject;
			attributes = {
				LastSwiftUpdateCheck = 1240;
				LastUpgradeCheck = 1240;
				TargetAttributes = {
					A0466B1F26280019000BFC1D = {
						CreatedOnToolsVersion = 12.4;
					};
					A07485412627FFBE00B24AF8 = {
						CreatedOnToolsVersion = 12.4;
						LastSwiftMigration = 1240;
					};
					A074854A2627FFBE00B24AF8 = {
						CreatedOnToolsVersion = 12.4;
					};
				};
			};
			buildConfigurationList = A074853C2627FFBE00B24AF8 /* Build configuration list for PBXProject "YatLib" */;
			compatibilityVersion = "Xcode 9.3";
			developmentRegion = en;
			hasScannedForEncodings = 0;
			knownRegions = (
				en,
				Base,
			);
			mainGroup = A07485382627FFBE00B24AF8;
			productRefGroup = A07485432627FFBE00B24AF8 /* Products */;
			projectDirPath = "";
			projectRoot = "";
			targets = (
				A07485412627FFBE00B24AF8 /* YatLib */,
				A074854A2627FFBE00B24AF8 /* YatLibTests */,
				A0466B1F26280019000BFC1D /* YatLibExample */,
			);
		};
/* End PBXProject section */

/* Begin PBXResourcesBuildPhase section */
		A0466B1E26280019000BFC1D /* Resources */ = {
			isa = PBXResourcesBuildPhase;
			buildActionMask = 2147483647;
			files = (
				A0466B2F2628001C000BFC1D /* LaunchScreen.storyboard in Resources */,
				A0466B2C2628001C000BFC1D /* Assets.xcassets in Resources */,
				A0466B2A26280019000BFC1D /* Main.storyboard in Resources */,
			);
			runOnlyForDeploymentPostprocessing = 0;
		};
		A07485402627FFBE00B24AF8 /* Resources */ = {
			isa = PBXResourcesBuildPhase;
			buildActionMask = 2147483647;
			files = (
				A003517D262871B6004E9752 /* AllianceNo1-SemiBold.otf in Resources */,
				A0466B4B26280BA6000BFC1D /* CircularSpotifyTxT-Book.otf in Resources */,
				A00351452628493E004E9752 /* Assets.xcassets in Resources */,
				A003513026284515004E9752 /* Localizable.strings in Resources */,
				A0AC6A6F2629BCBA00DC5C43 /* AvenirLTStd-Black.otf in Resources */,
				A003517726286D7D004E9752 /* AllianceNo1-Bold.otf in Resources */,
				A0592D7E263BCD66007AB90E /* AvenirLTStd-Heavy.otf in Resources */,
				A0AC6A732629BCCC00DC5C43 /* AvenirLTStd-Medium.otf in Resources */,
			);
			runOnlyForDeploymentPostprocessing = 0;
		};
		A07485492627FFBE00B24AF8 /* Resources */ = {
			isa = PBXResourcesBuildPhase;
			buildActionMask = 2147483647;
			files = (
			);
			runOnlyForDeploymentPostprocessing = 0;
		};
/* End PBXResourcesBuildPhase section */

/* Begin PBXSourcesBuildPhase section */
		A0466B1C26280019000BFC1D /* Sources */ = {
			isa = PBXSourcesBuildPhase;
			buildActionMask = 2147483647;
			files = (
				A0466B2726280019000BFC1D /* ViewController.swift in Sources */,
				A0466B2326280019000BFC1D /* AppDelegate.swift in Sources */,
				A0466B2526280019000BFC1D /* SceneDelegate.swift in Sources */,
			);
			runOnlyForDeploymentPostprocessing = 0;
		};
		A074853E2627FFBE00B24AF8 /* Sources */ = {
			isa = PBXSourcesBuildPhase;
			buildActionMask = 2147483647;
			files = (
				A0C54AF626405AC200E621F0 /* YatAppConfig.swift in Sources */,
				A033B30D263717E90063BFD3 /* ImmutableMappable.swift in Sources */,
				A033B2FC263717E90063BFD3 /* CustomDateFormatTransform.swift in Sources */,
				A033B301263717E90063BFD3 /* ISO8601DateTransform.swift in Sources */,
				A033B308263717E90063BFD3 /* IntegerOperators.swift in Sources */,
				A003518326287DA9004E9752 /* YatIntroPage3ViewController.swift in Sources */,
				A033B2BD2636FBF40063BFD3 /* YatUser.swift in Sources */,
				A033B2F6263717E90063BFD3 /* DateTransform.swift in Sources */,
				A033B307263717E90063BFD3 /* DateFormatterTransform.swift in Sources */,
				A033B304263717E90063BFD3 /* TransformOf.swift in Sources */,
				A0592D8D263C3B0F007AB90E /* YatLookupResponse.swift in Sources */,
				A0592D91263C566D007AB90E /* URL.swift in Sources */,
				A033B302263717E90063BFD3 /* Mappable.swift in Sources */,
				A0592D86263C3AC8007AB90E /* YatCartRequest.swift in Sources */,
				A033B2F7263717E90063BFD3 /* TransformOperators.swift in Sources */,
				A033B30B263717E90063BFD3 /* Map.swift in Sources */,
				A003518926287E5C004E9752 /* UIPageViewController.swift in Sources */,
				A0035136262845EE004E9752 /* String.swift in Sources */,
				A033B2FD263717E90063BFD3 /* DataTransform.swift in Sources */,
				A033B305263717E90063BFD3 /* Mapper.swift in Sources */,
				A0466B76262815BA000BFC1D /* YatIntroPage2ViewController.swift in Sources */,
				A033B2F4263717E90063BFD3 /* DictionaryTransform.swift in Sources */,
				A00351A726288BA7004E9752 /* HorizontalGradientView.swift in Sources */,
				A0466B72262813BD000BFC1D /* YatIntroPage1ViewController.swift in Sources */,
				A0592D8A263C3AE6007AB90E /* YatUpdateRequest.swift in Sources */,
				A033B303263717E90063BFD3 /* CodableTransform.swift in Sources */,
				A033B309263717E90063BFD3 /* FromJSON.swift in Sources */,
				A033B2F9263717E90063BFD3 /* ToJSON.swift in Sources */,
				A0321D7226330CAF0016BD7A /* YatAPI.swift in Sources */,
				A003517326285E49004E9752 /* UIFont.swift in Sources */,
				A033B31826372C920063BFD3 /* YatCartCheckoutRequest.swift in Sources */,
				A033B2F5263717E90063BFD3 /* URLTransform.swift in Sources */,
				A033B31E263740AC0063BFD3 /* DisplayYatViewController.swift in Sources */,
				A033B31126372AEE0063BFD3 /* YatOrder.swift in Sources */,
				A033B2FF263717E90063BFD3 /* Operators.swift in Sources */,
				A033B2FA263717E90063BFD3 /* EnumTransform.swift in Sources */,
				A0592D83263C3A62007AB90E /* YatRecord.swift in Sources */,
				A0466B5C26280CC2000BFC1D /* YatLib.swift in Sources */,
				A033B30A263717E90063BFD3 /* TransformType.swift in Sources */,
				A0AC6A692629B86800DC5C43 /* Theme.swift in Sources */,
				A033B31526372C6C0063BFD3 /* YatCredentials.swift in Sources */,
				A033B2C32636FCFA0063BFD3 /* YatRegistrationResponse.swift in Sources */,
				A0466B6A26281084000BFC1D /* YatIntroPageViewController.swift in Sources */,
				A033B2F8263717E90063BFD3 /* EnumOperators.swift in Sources */,
				A0466B8626281F4E000BFC1D /* UIColor.swift in Sources */,
				A033B30C263717E90063BFD3 /* MapError.swift in Sources */,
				A033B31B263735D00063BFD3 /* YatSignMessageResponse.swift in Sources */,
				A033B2FE263717E90063BFD3 /* HexColorTransform.swift in Sources */,
				A033B2FB263717E90063BFD3 /* NSDecimalNumberTransform.swift in Sources */,
			);
			runOnlyForDeploymentPostprocessing = 0;
		};
		A07485472627FFBE00B24AF8 /* Sources */ = {
			isa = PBXSourcesBuildPhase;
			buildActionMask = 2147483647;
			files = (
				A07485512627FFBE00B24AF8 /* YatLibTests.swift in Sources */,
			);
			runOnlyForDeploymentPostprocessing = 0;
		};
/* End PBXSourcesBuildPhase section */

/* Begin PBXTargetDependency section */
		A0466B672628100D000BFC1D /* PBXTargetDependency */ = {
			isa = PBXTargetDependency;
			target = A07485412627FFBE00B24AF8 /* YatLib */;
			targetProxy = A0466B662628100D000BFC1D /* PBXContainerItemProxy */;
		};
		A074854E2627FFBE00B24AF8 /* PBXTargetDependency */ = {
			isa = PBXTargetDependency;
			target = A07485412627FFBE00B24AF8 /* YatLib */;
			targetProxy = A074854D2627FFBE00B24AF8 /* PBXContainerItemProxy */;
		};
/* End PBXTargetDependency section */

/* Begin PBXVariantGroup section */
		A003513226284515004E9752 /* Localizable.strings */ = {
			isa = PBXVariantGroup;
			children = (
				A003513126284515004E9752 /* en */,
			);
			name = Localizable.strings;
			sourceTree = "<group>";
		};
		A0466B2826280019000BFC1D /* Main.storyboard */ = {
			isa = PBXVariantGroup;
			children = (
				A0466B2926280019000BFC1D /* Base */,
			);
			name = Main.storyboard;
			sourceTree = "<group>";
		};
		A0466B2D2628001C000BFC1D /* LaunchScreen.storyboard */ = {
			isa = PBXVariantGroup;
			children = (
				A0466B2E2628001C000BFC1D /* Base */,
			);
			name = LaunchScreen.storyboard;
			sourceTree = "<group>";
		};
/* End PBXVariantGroup section */

/* Begin XCBuildConfiguration section */
		A0466B312628001C000BFC1D /* Debug */ = {
			isa = XCBuildConfiguration;
			buildSettings = {
				ASSETCATALOG_COMPILER_APPICON_NAME = AppIcon;
				ASSETCATALOG_COMPILER_GLOBAL_ACCENT_COLOR_NAME = AccentColor;
				CODE_SIGN_STYLE = Automatic;
				CURRENT_PROJECT_VERSION = 5;
				DEVELOPMENT_TEAM = 8XGMD9X2H2;
				INFOPLIST_FILE = YatLibExample/Resources/Info.plist;
				LD_RUNPATH_SEARCH_PATHS = (
					"$(inherited)",
					"@executable_path/Frameworks",
				);
				MARKETING_VERSION = 0.1.5;
				PRODUCT_BUNDLE_IDENTIFIER = yat.YatLibExample;
				PRODUCT_NAME = "$(TARGET_NAME)";
				SWIFT_VERSION = 5.0;
				TARGETED_DEVICE_FAMILY = "1,2";
			};
			name = Debug;
		};
		A0466B322628001C000BFC1D /* Release */ = {
			isa = XCBuildConfiguration;
			buildSettings = {
				ASSETCATALOG_COMPILER_APPICON_NAME = AppIcon;
				ASSETCATALOG_COMPILER_GLOBAL_ACCENT_COLOR_NAME = AccentColor;
				CODE_SIGN_STYLE = Automatic;
				CURRENT_PROJECT_VERSION = 5;
				DEVELOPMENT_TEAM = 8XGMD9X2H2;
				INFOPLIST_FILE = YatLibExample/Resources/Info.plist;
				LD_RUNPATH_SEARCH_PATHS = (
					"$(inherited)",
					"@executable_path/Frameworks",
				);
				MARKETING_VERSION = 0.1.5;
				PRODUCT_BUNDLE_IDENTIFIER = yat.YatLibExample;
				PRODUCT_NAME = "$(TARGET_NAME)";
				SWIFT_VERSION = 5.0;
				TARGETED_DEVICE_FAMILY = "1,2";
			};
			name = Release;
		};
		A07485542627FFBE00B24AF8 /* Debug */ = {
			isa = XCBuildConfiguration;
			buildSettings = {
				ALWAYS_SEARCH_USER_PATHS = NO;
				CLANG_ANALYZER_NONNULL = YES;
				CLANG_ANALYZER_NUMBER_OBJECT_CONVERSION = YES_AGGRESSIVE;
				CLANG_CXX_LANGUAGE_STANDARD = "gnu++14";
				CLANG_CXX_LIBRARY = "libc++";
				CLANG_ENABLE_MODULES = YES;
				CLANG_ENABLE_OBJC_ARC = YES;
				CLANG_ENABLE_OBJC_WEAK = YES;
				CLANG_WARN_BLOCK_CAPTURE_AUTORELEASING = YES;
				CLANG_WARN_BOOL_CONVERSION = YES;
				CLANG_WARN_COMMA = YES;
				CLANG_WARN_CONSTANT_CONVERSION = YES;
				CLANG_WARN_DEPRECATED_OBJC_IMPLEMENTATIONS = YES;
				CLANG_WARN_DIRECT_OBJC_ISA_USAGE = YES_ERROR;
				CLANG_WARN_DOCUMENTATION_COMMENTS = YES;
				CLANG_WARN_EMPTY_BODY = YES;
				CLANG_WARN_ENUM_CONVERSION = YES;
				CLANG_WARN_INFINITE_RECURSION = YES;
				CLANG_WARN_INT_CONVERSION = YES;
				CLANG_WARN_NON_LITERAL_NULL_CONVERSION = YES;
				CLANG_WARN_OBJC_IMPLICIT_RETAIN_SELF = YES;
				CLANG_WARN_OBJC_LITERAL_CONVERSION = YES;
				CLANG_WARN_OBJC_ROOT_CLASS = YES_ERROR;
				CLANG_WARN_QUOTED_INCLUDE_IN_FRAMEWORK_HEADER = YES;
				CLANG_WARN_RANGE_LOOP_ANALYSIS = YES;
				CLANG_WARN_STRICT_PROTOTYPES = YES;
				CLANG_WARN_SUSPICIOUS_MOVE = YES;
				CLANG_WARN_UNGUARDED_AVAILABILITY = YES_AGGRESSIVE;
				CLANG_WARN_UNREACHABLE_CODE = YES;
				CLANG_WARN__DUPLICATE_METHOD_MATCH = YES;
				COPY_PHASE_STRIP = NO;
				CURRENT_PROJECT_VERSION = 1;
				DEBUG_INFORMATION_FORMAT = dwarf;
				ENABLE_STRICT_OBJC_MSGSEND = YES;
				ENABLE_TESTABILITY = YES;
				GCC_C_LANGUAGE_STANDARD = gnu11;
				GCC_DYNAMIC_NO_PIC = NO;
				GCC_NO_COMMON_BLOCKS = YES;
				GCC_OPTIMIZATION_LEVEL = 0;
				GCC_PREPROCESSOR_DEFINITIONS = (
					"DEBUG=1",
					"$(inherited)",
				);
				GCC_WARN_64_TO_32_BIT_CONVERSION = YES;
				GCC_WARN_ABOUT_RETURN_TYPE = YES_ERROR;
				GCC_WARN_UNDECLARED_SELECTOR = YES;
				GCC_WARN_UNINITIALIZED_AUTOS = YES_AGGRESSIVE;
				GCC_WARN_UNUSED_FUNCTION = YES;
				GCC_WARN_UNUSED_VARIABLE = YES;
				IPHONEOS_DEPLOYMENT_TARGET = 13.0;
				MTL_ENABLE_DEBUG_INFO = INCLUDE_SOURCE;
				MTL_FAST_MATH = YES;
				ONLY_ACTIVE_ARCH = YES;
				SDKROOT = iphoneos;
				SWIFT_ACTIVE_COMPILATION_CONDITIONS = DEBUG;
				SWIFT_OPTIMIZATION_LEVEL = "-Onone";
				VERSIONING_SYSTEM = "apple-generic";
				VERSION_INFO_PREFIX = "";
			};
			name = Debug;
		};
		A07485552627FFBE00B24AF8 /* Release */ = {
			isa = XCBuildConfiguration;
			buildSettings = {
				ALWAYS_SEARCH_USER_PATHS = NO;
				CLANG_ANALYZER_NONNULL = YES;
				CLANG_ANALYZER_NUMBER_OBJECT_CONVERSION = YES_AGGRESSIVE;
				CLANG_CXX_LANGUAGE_STANDARD = "gnu++14";
				CLANG_CXX_LIBRARY = "libc++";
				CLANG_ENABLE_MODULES = YES;
				CLANG_ENABLE_OBJC_ARC = YES;
				CLANG_ENABLE_OBJC_WEAK = YES;
				CLANG_WARN_BLOCK_CAPTURE_AUTORELEASING = YES;
				CLANG_WARN_BOOL_CONVERSION = YES;
				CLANG_WARN_COMMA = YES;
				CLANG_WARN_CONSTANT_CONVERSION = YES;
				CLANG_WARN_DEPRECATED_OBJC_IMPLEMENTATIONS = YES;
				CLANG_WARN_DIRECT_OBJC_ISA_USAGE = YES_ERROR;
				CLANG_WARN_DOCUMENTATION_COMMENTS = YES;
				CLANG_WARN_EMPTY_BODY = YES;
				CLANG_WARN_ENUM_CONVERSION = YES;
				CLANG_WARN_INFINITE_RECURSION = YES;
				CLANG_WARN_INT_CONVERSION = YES;
				CLANG_WARN_NON_LITERAL_NULL_CONVERSION = YES;
				CLANG_WARN_OBJC_IMPLICIT_RETAIN_SELF = YES;
				CLANG_WARN_OBJC_LITERAL_CONVERSION = YES;
				CLANG_WARN_OBJC_ROOT_CLASS = YES_ERROR;
				CLANG_WARN_QUOTED_INCLUDE_IN_FRAMEWORK_HEADER = YES;
				CLANG_WARN_RANGE_LOOP_ANALYSIS = YES;
				CLANG_WARN_STRICT_PROTOTYPES = YES;
				CLANG_WARN_SUSPICIOUS_MOVE = YES;
				CLANG_WARN_UNGUARDED_AVAILABILITY = YES_AGGRESSIVE;
				CLANG_WARN_UNREACHABLE_CODE = YES;
				CLANG_WARN__DUPLICATE_METHOD_MATCH = YES;
				COPY_PHASE_STRIP = NO;
				CURRENT_PROJECT_VERSION = 1;
				DEBUG_INFORMATION_FORMAT = "dwarf-with-dsym";
				ENABLE_NS_ASSERTIONS = NO;
				ENABLE_STRICT_OBJC_MSGSEND = YES;
				GCC_C_LANGUAGE_STANDARD = gnu11;
				GCC_NO_COMMON_BLOCKS = YES;
				GCC_WARN_64_TO_32_BIT_CONVERSION = YES;
				GCC_WARN_ABOUT_RETURN_TYPE = YES_ERROR;
				GCC_WARN_UNDECLARED_SELECTOR = YES;
				GCC_WARN_UNINITIALIZED_AUTOS = YES_AGGRESSIVE;
				GCC_WARN_UNUSED_FUNCTION = YES;
				GCC_WARN_UNUSED_VARIABLE = YES;
				IPHONEOS_DEPLOYMENT_TARGET = 13.0;
				MTL_ENABLE_DEBUG_INFO = NO;
				MTL_FAST_MATH = YES;
				SDKROOT = iphoneos;
				SWIFT_COMPILATION_MODE = wholemodule;
				SWIFT_OPTIMIZATION_LEVEL = "-O";
				VALIDATE_PRODUCT = YES;
				VERSIONING_SYSTEM = "apple-generic";
				VERSION_INFO_PREFIX = "";
			};
			name = Release;
		};
		A07485572627FFBE00B24AF8 /* Debug */ = {
			isa = XCBuildConfiguration;
			buildSettings = {
				CLANG_ENABLE_MODULES = YES;
				CODE_SIGN_STYLE = Automatic;
				CURRENT_PROJECT_VERSION = 5;
				DEFINES_MODULE = YES;
				DEVELOPMENT_TEAM = 8XGMD9X2H2;
				DYLIB_COMPATIBILITY_VERSION = 1;
				DYLIB_CURRENT_VERSION = 1;
				DYLIB_INSTALL_NAME_BASE = "@rpath";
				INFOPLIST_FILE = YatLib/Resources/Info.plist;
				INSTALL_PATH = "$(LOCAL_LIBRARY_DIR)/Frameworks";
				IPHONEOS_DEPLOYMENT_TARGET = 13.0;
				"IPHONEOS_DEPLOYMENT_TARGET[sdk=macosx*]" = 13.2;
				LD_RUNPATH_SEARCH_PATHS = (
					"$(inherited)",
					"@executable_path/Frameworks",
					"@loader_path/Frameworks",
				);
				MARKETING_VERSION = 0.1.5;
				PRODUCT_BUNDLE_IDENTIFIER = YatLib;
				PRODUCT_NAME = "$(TARGET_NAME:c99extidentifier)";
				SKIP_INSTALL = YES;
				SUPPORTS_MACCATALYST = NO;
				SWIFT_OPTIMIZATION_LEVEL = "-Onone";
				SWIFT_VERSION = 5.0;
				TARGETED_DEVICE_FAMILY = "1,2";
			};
			name = Debug;
		};
		A07485582627FFBE00B24AF8 /* Release */ = {
			isa = XCBuildConfiguration;
			buildSettings = {
				CLANG_ENABLE_MODULES = YES;
				CODE_SIGN_STYLE = Automatic;
				CURRENT_PROJECT_VERSION = 5;
				DEFINES_MODULE = YES;
				DEVELOPMENT_TEAM = 8XGMD9X2H2;
				DYLIB_COMPATIBILITY_VERSION = 1;
				DYLIB_CURRENT_VERSION = 1;
				DYLIB_INSTALL_NAME_BASE = "@rpath";
				INFOPLIST_FILE = YatLib/Resources/Info.plist;
				INSTALL_PATH = "$(LOCAL_LIBRARY_DIR)/Frameworks";
				IPHONEOS_DEPLOYMENT_TARGET = 13.0;
				"IPHONEOS_DEPLOYMENT_TARGET[sdk=macosx*]" = 13.2;
				LD_RUNPATH_SEARCH_PATHS = (
					"$(inherited)",
					"@executable_path/Frameworks",
					"@loader_path/Frameworks",
				);
				MARKETING_VERSION = 0.1.5;
				PRODUCT_BUNDLE_IDENTIFIER = YatLib;
				PRODUCT_NAME = "$(TARGET_NAME:c99extidentifier)";
				SKIP_INSTALL = YES;
				SUPPORTS_MACCATALYST = NO;
				SWIFT_VERSION = 5.0;
				TARGETED_DEVICE_FAMILY = "1,2";
			};
			name = Release;
		};
		A074855A2627FFBE00B24AF8 /* Debug */ = {
			isa = XCBuildConfiguration;
			buildSettings = {
				ALWAYS_EMBED_SWIFT_STANDARD_LIBRARIES = YES;
				CODE_SIGN_STYLE = Automatic;
				DEVELOPMENT_TEAM = 8XGMD9X2H2;
				INFOPLIST_FILE = YatLibTests/Info.plist;
				LD_RUNPATH_SEARCH_PATHS = (
					"$(inherited)",
					"@executable_path/Frameworks",
					"@loader_path/Frameworks",
				);
				PRODUCT_BUNDLE_IDENTIFIER = yat.YatLibTests;
				PRODUCT_NAME = "$(TARGET_NAME)";
				SWIFT_VERSION = 5.0;
				TARGETED_DEVICE_FAMILY = "1,2";
			};
			name = Debug;
		};
		A074855B2627FFBE00B24AF8 /* Release */ = {
			isa = XCBuildConfiguration;
			buildSettings = {
				ALWAYS_EMBED_SWIFT_STANDARD_LIBRARIES = YES;
				CODE_SIGN_STYLE = Automatic;
				DEVELOPMENT_TEAM = 8XGMD9X2H2;
				INFOPLIST_FILE = YatLibTests/Info.plist;
				LD_RUNPATH_SEARCH_PATHS = (
					"$(inherited)",
					"@executable_path/Frameworks",
					"@loader_path/Frameworks",
				);
				PRODUCT_BUNDLE_IDENTIFIER = yat.YatLibTests;
				PRODUCT_NAME = "$(TARGET_NAME)";
				SWIFT_VERSION = 5.0;
				TARGETED_DEVICE_FAMILY = "1,2";
			};
			name = Release;
		};
/* End XCBuildConfiguration section */

/* Begin XCConfigurationList section */
		A0466B332628001C000BFC1D /* Build configuration list for PBXNativeTarget "YatLibExample" */ = {
			isa = XCConfigurationList;
			buildConfigurations = (
				A0466B312628001C000BFC1D /* Debug */,
				A0466B322628001C000BFC1D /* Release */,
			);
			defaultConfigurationIsVisible = 0;
			defaultConfigurationName = Release;
		};
		A074853C2627FFBE00B24AF8 /* Build configuration list for PBXProject "YatLib" */ = {
			isa = XCConfigurationList;
			buildConfigurations = (
				A07485542627FFBE00B24AF8 /* Debug */,
				A07485552627FFBE00B24AF8 /* Release */,
			);
			defaultConfigurationIsVisible = 0;
			defaultConfigurationName = Release;
		};
		A07485562627FFBE00B24AF8 /* Build configuration list for PBXNativeTarget "YatLib" */ = {
			isa = XCConfigurationList;
			buildConfigurations = (
				A07485572627FFBE00B24AF8 /* Debug */,
				A07485582627FFBE00B24AF8 /* Release */,
			);
			defaultConfigurationIsVisible = 0;
			defaultConfigurationName = Release;
		};
		A07485592627FFBE00B24AF8 /* Build configuration list for PBXNativeTarget "YatLibTests" */ = {
			isa = XCConfigurationList;
			buildConfigurations = (
				A074855A2627FFBE00B24AF8 /* Debug */,
				A074855B2627FFBE00B24AF8 /* Release */,
			);
			defaultConfigurationIsVisible = 0;
			defaultConfigurationName = Release;
		};
/* End XCConfigurationList section */
	};
	rootObject = A07485392627FFBE00B24AF8 /* Project object */;
}
