// !$*UTF8*$!
{
	archiveVersion = 1;
	classes = {
	};
	objectVersion = 51;
	objects = {

/* Begin PBXBuildFile section */
		1BD4B6A3D688F3DBDB3DC041 /* Pods_YatLib_YatLibTests.framework in Frameworks */ = {isa = PBXBuildFile; fileRef = 5594E4BE004C7A886576A923 /* Pods_YatLib_YatLibTests.framework */; };
		3A0DDAA0271ED50200995B3F /* LoadValueFromKeyValueStoreRequest.swift in Sources */ = {isa = PBXBuildFile; fileRef = 3A0DDA9F271ED50200995B3F /* LoadValueFromKeyValueStoreRequest.swift */; };
		3A26717926FAFE0E00FA82B1 /* ConnectionSuccessViewController.swift in Sources */ = {isa = PBXBuildFile; fileRef = 3A26717826FAFE0E00FA82B1 /* ConnectionSuccessViewController.swift */; };
		3A26717B26FAFE1900FA82B1 /* ConnectionSuccessView.swift in Sources */ = {isa = PBXBuildFile; fileRef = 3A26717A26FAFE1900FA82B1 /* ConnectionSuccessView.swift */; };
		3A34C6FF26F9B5EE0077F3CE /* Colors.xcassets in Resources */ = {isa = PBXBuildFile; fileRef = 3A34C6FE26F9B5EE0077F3CE /* Colors.xcassets */; };
		3A34C70126F9D8F20077F3CE /* UIImage+Theme.swift in Sources */ = {isa = PBXBuildFile; fileRef = 3A34C70026F9D8F20077F3CE /* UIImage+Theme.swift */; };
		3A34C70726F9DE830077F3CE /* Bundle+Local.swift in Sources */ = {isa = PBXBuildFile; fileRef = 3A34C70626F9DE830077F3CE /* Bundle+Local.swift */; };
		3A4B290C26F34772005C7976 /* OnboardingPage3Model.swift in Sources */ = {isa = PBXBuildFile; fileRef = 3A4B290B26F34772005C7976 /* OnboardingPage3Model.swift */; };
		3A4B291026F36ECE005C7976 /* OnboardingPage1ViewController.swift in Sources */ = {isa = PBXBuildFile; fileRef = 3A4B290F26F36ECE005C7976 /* OnboardingPage1ViewController.swift */; };
		3A4B291626F370E5005C7976 /* OnboardingPage1View.swift in Sources */ = {isa = PBXBuildFile; fileRef = 3A4B291526F370E5005C7976 /* OnboardingPage1View.swift */; };
		3A4B291926F381DF005C7976 /* OnboardingButton.swift in Sources */ = {isa = PBXBuildFile; fileRef = 3A4B291826F381DF005C7976 /* OnboardingButton.swift */; };
		3A60032B26FDE36D005CC447 /* Requestable.swift in Sources */ = {isa = PBXBuildFile; fileRef = 3A60032A26FDE36D005CC447 /* Requestable.swift */; };
		3A60033026FDE3C8005CC447 /* LookupEmojiIDWithSymbolRequest.swift in Sources */ = {isa = PBXBuildFile; fileRef = 3A60032F26FDE3C8005CC447 /* LookupEmojiIDWithSymbolRequest.swift */; };
		3A60033326FDE484005CC447 /* LookupEmojiIDWithSymbolResponse.swift in Sources */ = {isa = PBXBuildFile; fileRef = 3A60033226FDE484005CC447 /* LookupEmojiIDWithSymbolResponse.swift */; };
		3A60033626FDE84B005CC447 /* APIError.swift in Sources */ = {isa = PBXBuildFile; fileRef = 3A60033526FDE84B005CC447 /* APIError.swift */; };
		3A60033826FDE868005CC447 /* OnboardingError.swift in Sources */ = {isa = PBXBuildFile; fileRef = 3A60033726FDE868005CC447 /* OnboardingError.swift */; };
		3A60033A26FDE98F005CC447 /* YatApiWorker.swift in Sources */ = {isa = PBXBuildFile; fileRef = 3A60033926FDE98F005CC447 /* YatApiWorker.swift */; };
		3A60033C26FDF2B1005CC447 /* UIScreen+ScreenSize.swift in Sources */ = {isa = PBXBuildFile; fileRef = 3A60033B26FDF2B1005CC447 /* UIScreen+ScreenSize.swift */; };
		3A6907CD26F4696500BAD46C /* OnboardingViewController.swift in Sources */ = {isa = PBXBuildFile; fileRef = 3A6907CC26F4696500BAD46C /* OnboardingViewController.swift */; };
		3A6907CF26F47D7400BAD46C /* OnboardingView.swift in Sources */ = {isa = PBXBuildFile; fileRef = 3A6907CE26F47D7400BAD46C /* OnboardingView.swift */; };
		3A6907D126F4A5B200BAD46C /* BaseOnboardingPageView.swift in Sources */ = {isa = PBXBuildFile; fileRef = 3A6907D026F4A5B200BAD46C /* BaseOnboardingPageView.swift */; };
		3A6907D426F4A67000BAD46C /* OnboardingPage2ViewController.swift in Sources */ = {isa = PBXBuildFile; fileRef = 3A6907D326F4A67000BAD46C /* OnboardingPage2ViewController.swift */; };
		3A6907D626F4A68D00BAD46C /* OnboardingPage2View.swift in Sources */ = {isa = PBXBuildFile; fileRef = 3A6907D526F4A68D00BAD46C /* OnboardingPage2View.swift */; };
		3A6907D926F4AC4100BAD46C /* OnboardingPage3ViewController.swift in Sources */ = {isa = PBXBuildFile; fileRef = 3A6907D826F4AC4100BAD46C /* OnboardingPage3ViewController.swift */; };
		3A6907DB26F4AC6A00BAD46C /* OnboardingPage3View.swift in Sources */ = {isa = PBXBuildFile; fileRef = 3A6907DA26F4AC6A00BAD46C /* OnboardingPage3View.swift */; };
		3AC4551E26FB886A00F9AFC4 /* YatCapsule.swift in Sources */ = {isa = PBXBuildFile; fileRef = 3AC4551D26FB886A00F9AFC4 /* YatCapsule.swift */; };
		3AC4552026FB88A700F9AFC4 /* CloseButton.swift in Sources */ = {isa = PBXBuildFile; fileRef = 3AC4551F26FB88A700F9AFC4 /* CloseButton.swift */; };
		3ACDA8542721417400F08C70 /* LoadJsonResponse.swift in Sources */ = {isa = PBXBuildFile; fileRef = 3ACDA8532721417400F08C70 /* LoadJsonResponse.swift */; };
		3ACDA857272141C000F08C70 /* VisualizerFileLocations.swift in Sources */ = {isa = PBXBuildFile; fileRef = 3ACDA856272141C000F08C70 /* VisualizerFileLocations.swift */; };
		3AE1B50626F09BF3003C6C3E /* YatApiManager.swift in Sources */ = {isa = PBXBuildFile; fileRef = 3AE1B50526F09BF3003C6C3E /* YatApiManager.swift */; };
		3AE9A44A26F8C4D40042B9DA /* Yat.swift in Sources */ = {isa = PBXBuildFile; fileRef = 3AE9A44926F8C4D40042B9DA /* Yat.swift */; };
		3AE9A44C26F8C5380042B9DA /* YatIntegration.swift in Sources */ = {isa = PBXBuildFile; fileRef = 3AE9A44B26F8C5380042B9DA /* YatIntegration.swift */; };
		3AE9A44E26F8C55A0042B9DA /* YatConfiguration.swift in Sources */ = {isa = PBXBuildFile; fileRef = 3AE9A44D26F8C55A0042B9DA /* YatConfiguration.swift */; };
		3AE9A45026F8C5BF0042B9DA /* YatStyle.swift in Sources */ = {isa = PBXBuildFile; fileRef = 3AE9A44F26F8C5BF0042B9DA /* YatStyle.swift */; };
		3AE9A45226F8C5FA0042B9DA /* YatEndpoints.swift in Sources */ = {isa = PBXBuildFile; fileRef = 3AE9A45126F8C5FA0042B9DA /* YatEndpoints.swift */; };
		7DD2D96BDA964683FB7A0356 /* Pods_YatLibExample.framework in Frameworks */ = {isa = PBXBuildFile; fileRef = A38B4255F40266B48065D7DB /* Pods_YatLibExample.framework */; };
		A003513026284515004E9752 /* Localizable.strings in Resources */ = {isa = PBXBuildFile; fileRef = A003513226284515004E9752 /* Localizable.strings */; };
		A00351452628493E004E9752 /* Assets.xcassets in Resources */ = {isa = PBXBuildFile; fileRef = A00351442628493E004E9752 /* Assets.xcassets */; };
		A0466B2326280019000BFC1D /* AppDelegate.swift in Sources */ = {isa = PBXBuildFile; fileRef = A0466B2226280019000BFC1D /* AppDelegate.swift */; };
		A0466B2526280019000BFC1D /* SceneDelegate.swift in Sources */ = {isa = PBXBuildFile; fileRef = A0466B2426280019000BFC1D /* SceneDelegate.swift */; };
		A0466B2726280019000BFC1D /* ViewController.swift in Sources */ = {isa = PBXBuildFile; fileRef = A0466B2626280019000BFC1D /* ViewController.swift */; };
		A0466B2A26280019000BFC1D /* Main.storyboard in Resources */ = {isa = PBXBuildFile; fileRef = A0466B2826280019000BFC1D /* Main.storyboard */; };
		A0466B2C2628001C000BFC1D /* Assets.xcassets in Resources */ = {isa = PBXBuildFile; fileRef = A0466B2B2628001C000BFC1D /* Assets.xcassets */; };
		A0466B2F2628001C000BFC1D /* LaunchScreen.storyboard in Resources */ = {isa = PBXBuildFile; fileRef = A0466B2D2628001C000BFC1D /* LaunchScreen.storyboard */; };
		A0466B642628100D000BFC1D /* YatLib.framework in Frameworks */ = {isa = PBXBuildFile; fileRef = A07485422627FFBE00B24AF8 /* YatLib.framework */; };
		A0466B652628100D000BFC1D /* YatLib.framework in Embed Frameworks */ = {isa = PBXBuildFile; fileRef = A07485422627FFBE00B24AF8 /* YatLib.framework */; settings = {ATTRIBUTES = (CodeSignOnCopy, RemoveHeadersOnCopy, ); }; };
		A0466B8626281F4E000BFC1D /* UIColor+Theme.swift in Sources */ = {isa = PBXBuildFile; fileRef = A0466B8526281F4E000BFC1D /* UIColor+Theme.swift */; };
		A0592D83263C3A62007AB90E /* YatRecordInput.swift in Sources */ = {isa = PBXBuildFile; fileRef = A0592D82263C3A62007AB90E /* YatRecordInput.swift */; };
		A0592D91263C566D007AB90E /* URL+QueryParameters.swift in Sources */ = {isa = PBXBuildFile; fileRef = A0592D90263C566D007AB90E /* URL+QueryParameters.swift */; };
		A074854C2627FFBE00B24AF8 /* YatLib.framework in Frameworks */ = {isa = PBXBuildFile; fileRef = A07485422627FFBE00B24AF8 /* YatLib.framework */; };
		A07485512627FFBE00B24AF8 /* YatLibTests.swift in Sources */ = {isa = PBXBuildFile; fileRef = A07485502627FFBE00B24AF8 /* YatLibTests.swift */; };
		A07485532627FFBE00B24AF8 /* YatLib.h in Headers */ = {isa = PBXBuildFile; fileRef = A07485452627FFBE00B24AF8 /* YatLib.h */; settings = {ATTRIBUTES = (Public, ); }; };
		B9A6E01DF474F1D6932279DE /* Pods_YatLib.framework in Frameworks */ = {isa = PBXBuildFile; fileRef = 3CFD6975D23BC995E75C5E03 /* Pods_YatLib.framework */; };
/* End PBXBuildFile section */

/* Begin PBXContainerItemProxy section */
		A0466B662628100D000BFC1D /* PBXContainerItemProxy */ = {
			isa = PBXContainerItemProxy;
			containerPortal = A07485392627FFBE00B24AF8 /* Project object */;
			proxyType = 1;
			remoteGlobalIDString = A07485412627FFBE00B24AF8;
			remoteInfo = YatLib;
		};
		A074854D2627FFBE00B24AF8 /* PBXContainerItemProxy */ = {
			isa = PBXContainerItemProxy;
			containerPortal = A07485392627FFBE00B24AF8 /* Project object */;
			proxyType = 1;
			remoteGlobalIDString = A07485412627FFBE00B24AF8;
			remoteInfo = YatLib;
		};
/* End PBXContainerItemProxy section */

/* Begin PBXCopyFilesBuildPhase section */
		A033B2C82636FD840063BFD3 /* Embed Frameworks */ = {
			isa = PBXCopyFilesBuildPhase;
			buildActionMask = 2147483647;
			dstPath = "";
			dstSubfolderSpec = 10;
			files = (
			);
			name = "Embed Frameworks";
			runOnlyForDeploymentPostprocessing = 0;
		};
		A0466B682628100D000BFC1D /* Embed Frameworks */ = {
			isa = PBXCopyFilesBuildPhase;
			buildActionMask = 2147483647;
			dstPath = "";
			dstSubfolderSpec = 10;
			files = (
				A0466B652628100D000BFC1D /* YatLib.framework in Embed Frameworks */,
			);
			name = "Embed Frameworks";
			runOnlyForDeploymentPostprocessing = 0;
		};
/* End PBXCopyFilesBuildPhase section */

/* Begin PBXFileReference section */
		2DF449D32A2EB411F67C3708 /* Pods-YatLib.debug.xcconfig */ = {isa = PBXFileReference; includeInIndex = 1; lastKnownFileType = text.xcconfig; name = "Pods-YatLib.debug.xcconfig"; path = "Target Support Files/Pods-YatLib/Pods-YatLib.debug.xcconfig"; sourceTree = "<group>"; };
		3A0DDA9F271ED50200995B3F /* LoadValueFromKeyValueStoreRequest.swift */ = {isa = PBXFileReference; lastKnownFileType = sourcecode.swift; path = LoadValueFromKeyValueStoreRequest.swift; sourceTree = "<group>"; };
		3A26717826FAFE0E00FA82B1 /* ConnectionSuccessViewController.swift */ = {isa = PBXFileReference; lastKnownFileType = sourcecode.swift; path = ConnectionSuccessViewController.swift; sourceTree = "<group>"; };
		3A26717A26FAFE1900FA82B1 /* ConnectionSuccessView.swift */ = {isa = PBXFileReference; lastKnownFileType = sourcecode.swift; path = ConnectionSuccessView.swift; sourceTree = "<group>"; };
		3A34C6FE26F9B5EE0077F3CE /* Colors.xcassets */ = {isa = PBXFileReference; lastKnownFileType = folder.assetcatalog; path = Colors.xcassets; sourceTree = "<group>"; };
		3A34C70026F9D8F20077F3CE /* UIImage+Theme.swift */ = {isa = PBXFileReference; lastKnownFileType = sourcecode.swift; path = "UIImage+Theme.swift"; sourceTree = "<group>"; };
		3A34C70626F9DE830077F3CE /* Bundle+Local.swift */ = {isa = PBXFileReference; lastKnownFileType = sourcecode.swift; path = "Bundle+Local.swift"; sourceTree = "<group>"; };
		3A4B290B26F34772005C7976 /* OnboardingPage3Model.swift */ = {isa = PBXFileReference; lastKnownFileType = sourcecode.swift; path = OnboardingPage3Model.swift; sourceTree = "<group>"; };
		3A4B290F26F36ECE005C7976 /* OnboardingPage1ViewController.swift */ = {isa = PBXFileReference; lastKnownFileType = sourcecode.swift; path = OnboardingPage1ViewController.swift; sourceTree = "<group>"; };
		3A4B291526F370E5005C7976 /* OnboardingPage1View.swift */ = {isa = PBXFileReference; lastKnownFileType = sourcecode.swift; path = OnboardingPage1View.swift; sourceTree = "<group>"; };
		3A4B291826F381DF005C7976 /* OnboardingButton.swift */ = {isa = PBXFileReference; lastKnownFileType = sourcecode.swift; path = OnboardingButton.swift; sourceTree = "<group>"; };
		3A60032A26FDE36D005CC447 /* Requestable.swift */ = {isa = PBXFileReference; lastKnownFileType = sourcecode.swift; path = Requestable.swift; sourceTree = "<group>"; };
		3A60032F26FDE3C8005CC447 /* LookupEmojiIDWithSymbolRequest.swift */ = {isa = PBXFileReference; lastKnownFileType = sourcecode.swift; path = LookupEmojiIDWithSymbolRequest.swift; sourceTree = "<group>"; };
		3A60033226FDE484005CC447 /* LookupEmojiIDWithSymbolResponse.swift */ = {isa = PBXFileReference; lastKnownFileType = sourcecode.swift; path = LookupEmojiIDWithSymbolResponse.swift; sourceTree = "<group>"; };
		3A60033526FDE84B005CC447 /* APIError.swift */ = {isa = PBXFileReference; lastKnownFileType = sourcecode.swift; path = APIError.swift; sourceTree = "<group>"; };
		3A60033726FDE868005CC447 /* OnboardingError.swift */ = {isa = PBXFileReference; lastKnownFileType = sourcecode.swift; path = OnboardingError.swift; sourceTree = "<group>"; };
		3A60033926FDE98F005CC447 /* YatApiWorker.swift */ = {isa = PBXFileReference; lastKnownFileType = sourcecode.swift; path = YatApiWorker.swift; sourceTree = "<group>"; };
		3A60033B26FDF2B1005CC447 /* UIScreen+ScreenSize.swift */ = {isa = PBXFileReference; lastKnownFileType = sourcecode.swift; path = "UIScreen+ScreenSize.swift"; sourceTree = "<group>"; };
		3A6907CC26F4696500BAD46C /* OnboardingViewController.swift */ = {isa = PBXFileReference; lastKnownFileType = sourcecode.swift; path = OnboardingViewController.swift; sourceTree = "<group>"; };
		3A6907CE26F47D7400BAD46C /* OnboardingView.swift */ = {isa = PBXFileReference; lastKnownFileType = sourcecode.swift; path = OnboardingView.swift; sourceTree = "<group>"; };
		3A6907D026F4A5B200BAD46C /* BaseOnboardingPageView.swift */ = {isa = PBXFileReference; lastKnownFileType = sourcecode.swift; path = BaseOnboardingPageView.swift; sourceTree = "<group>"; };
		3A6907D326F4A67000BAD46C /* OnboardingPage2ViewController.swift */ = {isa = PBXFileReference; lastKnownFileType = sourcecode.swift; path = OnboardingPage2ViewController.swift; sourceTree = "<group>"; };
		3A6907D526F4A68D00BAD46C /* OnboardingPage2View.swift */ = {isa = PBXFileReference; lastKnownFileType = sourcecode.swift; path = OnboardingPage2View.swift; sourceTree = "<group>"; };
		3A6907D826F4AC4100BAD46C /* OnboardingPage3ViewController.swift */ = {isa = PBXFileReference; lastKnownFileType = sourcecode.swift; path = OnboardingPage3ViewController.swift; sourceTree = "<group>"; };
		3A6907DA26F4AC6A00BAD46C /* OnboardingPage3View.swift */ = {isa = PBXFileReference; lastKnownFileType = sourcecode.swift; path = OnboardingPage3View.swift; sourceTree = "<group>"; };
		3AC4551D26FB886A00F9AFC4 /* YatCapsule.swift */ = {isa = PBXFileReference; lastKnownFileType = sourcecode.swift; path = YatCapsule.swift; sourceTree = "<group>"; };
		3AC4551F26FB88A700F9AFC4 /* CloseButton.swift */ = {isa = PBXFileReference; lastKnownFileType = sourcecode.swift; path = CloseButton.swift; sourceTree = "<group>"; };
		3ACDA8532721417400F08C70 /* LoadJsonResponse.swift */ = {isa = PBXFileReference; lastKnownFileType = sourcecode.swift; path = LoadJsonResponse.swift; sourceTree = "<group>"; };
		3ACDA856272141C000F08C70 /* VisualizerFileLocations.swift */ = {isa = PBXFileReference; lastKnownFileType = sourcecode.swift; path = VisualizerFileLocations.swift; sourceTree = "<group>"; };
		3AE1B50526F09BF3003C6C3E /* YatApiManager.swift */ = {isa = PBXFileReference; lastKnownFileType = sourcecode.swift; path = YatApiManager.swift; sourceTree = "<group>"; };
		3AE9A44926F8C4D40042B9DA /* Yat.swift */ = {isa = PBXFileReference; lastKnownFileType = sourcecode.swift; path = Yat.swift; sourceTree = "<group>"; };
		3AE9A44B26F8C5380042B9DA /* YatIntegration.swift */ = {isa = PBXFileReference; lastKnownFileType = sourcecode.swift; path = YatIntegration.swift; sourceTree = "<group>"; };
		3AE9A44D26F8C55A0042B9DA /* YatConfiguration.swift */ = {isa = PBXFileReference; lastKnownFileType = sourcecode.swift; path = YatConfiguration.swift; sourceTree = "<group>"; };
		3AE9A44F26F8C5BF0042B9DA /* YatStyle.swift */ = {isa = PBXFileReference; lastKnownFileType = sourcecode.swift; path = YatStyle.swift; sourceTree = "<group>"; };
		3AE9A45126F8C5FA0042B9DA /* YatEndpoints.swift */ = {isa = PBXFileReference; lastKnownFileType = sourcecode.swift; path = YatEndpoints.swift; sourceTree = "<group>"; };
		3CFD6975D23BC995E75C5E03 /* Pods_YatLib.framework */ = {isa = PBXFileReference; explicitFileType = wrapper.framework; includeInIndex = 0; path = Pods_YatLib.framework; sourceTree = BUILT_PRODUCTS_DIR; };
		4FAAC572B5146F49A5FAA2C2 /* Pods-YatLib.release.xcconfig */ = {isa = PBXFileReference; includeInIndex = 1; lastKnownFileType = text.xcconfig; name = "Pods-YatLib.release.xcconfig"; path = "Target Support Files/Pods-YatLib/Pods-YatLib.release.xcconfig"; sourceTree = "<group>"; };
		5594E4BE004C7A886576A923 /* Pods_YatLib_YatLibTests.framework */ = {isa = PBXFileReference; explicitFileType = wrapper.framework; includeInIndex = 0; path = Pods_YatLib_YatLibTests.framework; sourceTree = BUILT_PRODUCTS_DIR; };
		7070121BFA6E9AD835466A41 /* Pods-YatLibExample.release.xcconfig */ = {isa = PBXFileReference; includeInIndex = 1; lastKnownFileType = text.xcconfig; name = "Pods-YatLibExample.release.xcconfig"; path = "Target Support Files/Pods-YatLibExample/Pods-YatLibExample.release.xcconfig"; sourceTree = "<group>"; };
		7BB3CC669EDA31893CB86CDF /* Pods-YatLib-YatLibTests.release.xcconfig */ = {isa = PBXFileReference; includeInIndex = 1; lastKnownFileType = text.xcconfig; name = "Pods-YatLib-YatLibTests.release.xcconfig"; path = "Target Support Files/Pods-YatLib-YatLibTests/Pods-YatLib-YatLibTests.release.xcconfig"; sourceTree = "<group>"; };
		8764EC057DEE217847FA1313 /* Pods-YatLibExample.debug.xcconfig */ = {isa = PBXFileReference; includeInIndex = 1; lastKnownFileType = text.xcconfig; name = "Pods-YatLibExample.debug.xcconfig"; path = "Target Support Files/Pods-YatLibExample/Pods-YatLibExample.debug.xcconfig"; sourceTree = "<group>"; };
		A003513126284515004E9752 /* en */ = {isa = PBXFileReference; lastKnownFileType = text.plist.strings; name = en; path = en.lproj/Localizable.strings; sourceTree = "<group>"; };
		A00351442628493E004E9752 /* Assets.xcassets */ = {isa = PBXFileReference; lastKnownFileType = folder.assetcatalog; path = Assets.xcassets; sourceTree = "<group>"; };
		A0466B2026280019000BFC1D /* YatLibExample.app */ = {isa = PBXFileReference; explicitFileType = wrapper.application; includeInIndex = 0; path = YatLibExample.app; sourceTree = BUILT_PRODUCTS_DIR; };
		A0466B2226280019000BFC1D /* AppDelegate.swift */ = {isa = PBXFileReference; lastKnownFileType = sourcecode.swift; path = AppDelegate.swift; sourceTree = "<group>"; };
		A0466B2426280019000BFC1D /* SceneDelegate.swift */ = {isa = PBXFileReference; lastKnownFileType = sourcecode.swift; path = SceneDelegate.swift; sourceTree = "<group>"; };
		A0466B2626280019000BFC1D /* ViewController.swift */ = {isa = PBXFileReference; lastKnownFileType = sourcecode.swift; path = ViewController.swift; sourceTree = "<group>"; };
		A0466B2926280019000BFC1D /* Base */ = {isa = PBXFileReference; lastKnownFileType = file.storyboard; name = Base; path = Base.lproj/Main.storyboard; sourceTree = "<group>"; };
		A0466B2B2628001C000BFC1D /* Assets.xcassets */ = {isa = PBXFileReference; lastKnownFileType = folder.assetcatalog; path = Assets.xcassets; sourceTree = "<group>"; };
		A0466B2E2628001C000BFC1D /* Base */ = {isa = PBXFileReference; lastKnownFileType = file.storyboard; name = Base; path = Base.lproj/LaunchScreen.storyboard; sourceTree = "<group>"; };
		A0466B302628001C000BFC1D /* Info.plist */ = {isa = PBXFileReference; lastKnownFileType = text.plist.xml; path = Info.plist; sourceTree = "<group>"; };
		A0466B8526281F4E000BFC1D /* UIColor+Theme.swift */ = {isa = PBXFileReference; lastKnownFileType = sourcecode.swift; path = "UIColor+Theme.swift"; sourceTree = "<group>"; };
		A0592D82263C3A62007AB90E /* YatRecordInput.swift */ = {isa = PBXFileReference; lastKnownFileType = sourcecode.swift; path = YatRecordInput.swift; sourceTree = "<group>"; };
		A0592D90263C566D007AB90E /* URL+QueryParameters.swift */ = {isa = PBXFileReference; lastKnownFileType = sourcecode.swift; path = "URL+QueryParameters.swift"; sourceTree = "<group>"; };
		A07485422627FFBE00B24AF8 /* YatLib.framework */ = {isa = PBXFileReference; explicitFileType = wrapper.framework; includeInIndex = 0; path = YatLib.framework; sourceTree = BUILT_PRODUCTS_DIR; };
		A07485452627FFBE00B24AF8 /* YatLib.h */ = {isa = PBXFileReference; lastKnownFileType = sourcecode.c.h; path = YatLib.h; sourceTree = "<group>"; };
		A07485462627FFBE00B24AF8 /* Info.plist */ = {isa = PBXFileReference; lastKnownFileType = text.plist.xml; path = Info.plist; sourceTree = "<group>"; };
		A074854B2627FFBE00B24AF8 /* YatLibTests.xctest */ = {isa = PBXFileReference; explicitFileType = wrapper.cfbundle; includeInIndex = 0; path = YatLibTests.xctest; sourceTree = BUILT_PRODUCTS_DIR; };
		A07485502627FFBE00B24AF8 /* YatLibTests.swift */ = {isa = PBXFileReference; lastKnownFileType = sourcecode.swift; path = YatLibTests.swift; sourceTree = "<group>"; };
		A07485522627FFBE00B24AF8 /* Info.plist */ = {isa = PBXFileReference; lastKnownFileType = text.plist.xml; path = Info.plist; sourceTree = "<group>"; };
		A38B4255F40266B48065D7DB /* Pods_YatLibExample.framework */ = {isa = PBXFileReference; explicitFileType = wrapper.framework; includeInIndex = 0; path = Pods_YatLibExample.framework; sourceTree = BUILT_PRODUCTS_DIR; };
		E5D6D02AB8DEE0C0F01299FC /* Pods-YatLib-YatLibTests.debug.xcconfig */ = {isa = PBXFileReference; includeInIndex = 1; lastKnownFileType = text.xcconfig; name = "Pods-YatLib-YatLibTests.debug.xcconfig"; path = "Target Support Files/Pods-YatLib-YatLibTests/Pods-YatLib-YatLibTests.debug.xcconfig"; sourceTree = "<group>"; };
/* End PBXFileReference section */

/* Begin PBXFrameworksBuildPhase section */
		A0466B1D26280019000BFC1D /* Frameworks */ = {
			isa = PBXFrameworksBuildPhase;
			buildActionMask = 2147483647;
			files = (
				A0466B642628100D000BFC1D /* YatLib.framework in Frameworks */,
				7DD2D96BDA964683FB7A0356 /* Pods_YatLibExample.framework in Frameworks */,
			);
			runOnlyForDeploymentPostprocessing = 0;
		};
		A074853F2627FFBE00B24AF8 /* Frameworks */ = {
			isa = PBXFrameworksBuildPhase;
			buildActionMask = 2147483647;
			files = (
				B9A6E01DF474F1D6932279DE /* Pods_YatLib.framework in Frameworks */,
			);
			runOnlyForDeploymentPostprocessing = 0;
		};
		A07485482627FFBE00B24AF8 /* Frameworks */ = {
			isa = PBXFrameworksBuildPhase;
			buildActionMask = 2147483647;
			files = (
				A074854C2627FFBE00B24AF8 /* YatLib.framework in Frameworks */,
				1BD4B6A3D688F3DBDB3DC041 /* Pods_YatLib_YatLibTests.framework in Frameworks */,
			);
			runOnlyForDeploymentPostprocessing = 0;
		};
/* End PBXFrameworksBuildPhase section */

/* Begin PBXGroup section */
		3A0DDA9C271ED42500995B3F /* LoadValueFromKeyValueStore */ = {
			isa = PBXGroup;
			children = (
				3ACDA855272141A200F08C70 /* DataContainers */,
				3A0DDA9F271ED50200995B3F /* LoadValueFromKeyValueStoreRequest.swift */,
				3ACDA8532721417400F08C70 /* LoadJsonResponse.swift */,
			);
			path = LoadValueFromKeyValueStore;
			sourceTree = "<group>";
		};
		3A26717726FAFCE100FA82B1 /* Success */ = {
			isa = PBXGroup;
			children = (
				3A26717826FAFE0E00FA82B1 /* ConnectionSuccessViewController.swift */,
				3A26717A26FAFE1900FA82B1 /* ConnectionSuccessView.swift */,
			);
			path = Success;
			sourceTree = "<group>";
		};
		3A34C70226F9DE080077F3CE /* Integration */ = {
			isa = PBXGroup;
			children = (
				3A60033426FDE83D005CC447 /* Errors */,
				3A60032926FDE355005CC447 /* API */,
				3AE9A44D26F8C55A0042B9DA /* YatConfiguration.swift */,
				3AE9A44B26F8C5380042B9DA /* YatIntegration.swift */,
				3AE9A44F26F8C5BF0042B9DA /* YatStyle.swift */,
				3A60033926FDE98F005CC447 /* YatApiWorker.swift */,
				3AE9A45126F8C5FA0042B9DA /* YatEndpoints.swift */,
			);
			path = Integration;
			sourceTree = "<group>";
		};
		3A4B290E26F36EB2005C7976 /* Page 1 */ = {
			isa = PBXGroup;
			children = (
				3A4B290F26F36ECE005C7976 /* OnboardingPage1ViewController.swift */,
				3A4B291526F370E5005C7976 /* OnboardingPage1View.swift */,
			);
			path = "Page 1";
			sourceTree = "<group>";
		};
		3A4B291726F381CE005C7976 /* Views */ = {
			isa = PBXGroup;
			children = (
				3A4B291826F381DF005C7976 /* OnboardingButton.swift */,
				3A6907D026F4A5B200BAD46C /* BaseOnboardingPageView.swift */,
				3AC4551D26FB886A00F9AFC4 /* YatCapsule.swift */,
				3AC4551F26FB88A700F9AFC4 /* CloseButton.swift */,
			);
			path = Views;
			sourceTree = "<group>";
		};
		3A60032926FDE355005CC447 /* API */ = {
			isa = PBXGroup;
			children = (
				3A60032D26FDE3B2005CC447 /* Data Structures */,
				3A60032C26FDE379005CC447 /* Base Elements */,
				3AE1B50526F09BF3003C6C3E /* YatApiManager.swift */,
			);
			path = API;
			sourceTree = "<group>";
		};
		3A60032C26FDE379005CC447 /* Base Elements */ = {
			isa = PBXGroup;
			children = (
				3A60032A26FDE36D005CC447 /* Requestable.swift */,
			);
			path = "Base Elements";
			sourceTree = "<group>";
		};
		3A60032D26FDE3B2005CC447 /* Data Structures */ = {
			isa = PBXGroup;
			children = (
				3A0DDA9C271ED42500995B3F /* LoadValueFromKeyValueStore */,
				3A60032E26FDE3BD005CC447 /* LookupEmojiIDWithSymbol */,
			);
			path = "Data Structures";
			sourceTree = "<group>";
		};
		3A60032E26FDE3BD005CC447 /* LookupEmojiIDWithSymbol */ = {
			isa = PBXGroup;
			children = (
				3A60032F26FDE3C8005CC447 /* LookupEmojiIDWithSymbolRequest.swift */,
				3A60033226FDE484005CC447 /* LookupEmojiIDWithSymbolResponse.swift */,
			);
			path = LookupEmojiIDWithSymbol;
			sourceTree = "<group>";
		};
		3A60033426FDE83D005CC447 /* Errors */ = {
			isa = PBXGroup;
			children = (
				3A60033526FDE84B005CC447 /* APIError.swift */,
				3A60033726FDE868005CC447 /* OnboardingError.swift */,
			);
			path = Errors;
			sourceTree = "<group>";
		};
		3A6907CB26F45E5E00BAD46C /* Onboarding */ = {
			isa = PBXGroup;
			children = (
				3A4B291726F381CE005C7976 /* Views */,
				3A4B290E26F36EB2005C7976 /* Page 1 */,
				3A6907D226F4A5F800BAD46C /* Page 2 */,
				3A6907D726F4AC2500BAD46C /* Page 3 */,
				3A26717726FAFCE100FA82B1 /* Success */,
				3A6907CC26F4696500BAD46C /* OnboardingViewController.swift */,
				3A6907CE26F47D7400BAD46C /* OnboardingView.swift */,
			);
			path = Onboarding;
			sourceTree = "<group>";
		};
		3A6907D226F4A5F800BAD46C /* Page 2 */ = {
			isa = PBXGroup;
			children = (
				3A6907D326F4A67000BAD46C /* OnboardingPage2ViewController.swift */,
				3A6907D526F4A68D00BAD46C /* OnboardingPage2View.swift */,
			);
			path = "Page 2";
			sourceTree = "<group>";
		};
		3A6907D726F4AC2500BAD46C /* Page 3 */ = {
			isa = PBXGroup;
			children = (
				3A6907D826F4AC4100BAD46C /* OnboardingPage3ViewController.swift */,
				3A4B290B26F34772005C7976 /* OnboardingPage3Model.swift */,
				3A6907DA26F4AC6A00BAD46C /* OnboardingPage3View.swift */,
			);
			path = "Page 3";
			sourceTree = "<group>";
		};
		3ACDA855272141A200F08C70 /* DataContainers */ = {
			isa = PBXGroup;
			children = (
				3ACDA856272141C000F08C70 /* VisualizerFileLocations.swift */,
			);
			path = DataContainers;
			sourceTree = "<group>";
		};
		A0321D6E26330BC80016BD7A /* API */ = {
			isa = PBXGroup;
			children = (
				A0321D7526330F000016BD7A /* Model */,
			);
			path = API;
			sourceTree = "<group>";
		};
		A0321D7526330F000016BD7A /* Model */ = {
			isa = PBXGroup;
			children = (
				A0592D82263C3A62007AB90E /* YatRecordInput.swift */,
			);
			path = Model;
			sourceTree = "<group>";
		};
		A0466B2126280019000BFC1D /* YatLibExample */ = {
			isa = PBXGroup;
			children = (
				A0466B3F2628046B000BFC1D /* Application */,
				A0466B412628048F000BFC1D /* Resources */,
				A0466B402628047F000BFC1D /* ViewControllers */,
			);
			path = YatLibExample;
			sourceTree = "<group>";
		};
		A0466B38262800C3000BFC1D /* ViewControllers */ = {
			isa = PBXGroup;
			children = (
				3A6907CB26F45E5E00BAD46C /* Onboarding */,
			);
			path = ViewControllers;
			sourceTree = "<group>";
		};
		A0466B3926280403000BFC1D /* Resources */ = {
			isa = PBXGroup;
			children = (
				A07485462627FFBE00B24AF8 /* Info.plist */,
				A00351442628493E004E9752 /* Assets.xcassets */,
				3A34C6FE26F9B5EE0077F3CE /* Colors.xcassets */,
				A003513226284515004E9752 /* Localizable.strings */,
			);
			path = Resources;
			sourceTree = "<group>";
		};
		A0466B3F2628046B000BFC1D /* Application */ = {
			isa = PBXGroup;
			children = (
				A0466B2226280019000BFC1D /* AppDelegate.swift */,
				A0466B2426280019000BFC1D /* SceneDelegate.swift */,
			);
			path = Application;
			sourceTree = "<group>";
		};
		A0466B402628047F000BFC1D /* ViewControllers */ = {
			isa = PBXGroup;
			children = (
				A0466B2626280019000BFC1D /* ViewController.swift */,
			);
			path = ViewControllers;
			sourceTree = "<group>";
		};
		A0466B412628048F000BFC1D /* Resources */ = {
			isa = PBXGroup;
			children = (
				A0466B2B2628001C000BFC1D /* Assets.xcassets */,
				A0466B302628001C000BFC1D /* Info.plist */,
				A0466B42262804B1000BFC1D /* UI */,
			);
			path = Resources;
			sourceTree = "<group>";
		};
		A0466B42262804B1000BFC1D /* UI */ = {
			isa = PBXGroup;
			children = (
				A0466B2D2628001C000BFC1D /* LaunchScreen.storyboard */,
				A0466B2826280019000BFC1D /* Main.storyboard */,
			);
			path = UI;
			sourceTree = "<group>";
		};
		A0466B43262804DE000BFC1D /* Classes */ = {
			isa = PBXGroup;
			children = (
				A0321D6E26330BC80016BD7A /* API */,
				A0466B8426281F3B000BFC1D /* Extensions */,
				3A34C70226F9DE080077F3CE /* Integration */,
				A0466B38262800C3000BFC1D /* ViewControllers */,
				3AE9A44926F8C4D40042B9DA /* Yat.swift */,
				A07485452627FFBE00B24AF8 /* YatLib.h */,
			);
			path = Classes;
			sourceTree = "<group>";
		};
		A0466B632628100D000BFC1D /* Frameworks */ = {
			isa = PBXGroup;
			children = (
				3CFD6975D23BC995E75C5E03 /* Pods_YatLib.framework */,
				5594E4BE004C7A886576A923 /* Pods_YatLib_YatLibTests.framework */,
				A38B4255F40266B48065D7DB /* Pods_YatLibExample.framework */,
			);
			name = Frameworks;
			sourceTree = "<group>";
		};
		A0466B8426281F3B000BFC1D /* Extensions */ = {
			isa = PBXGroup;
			children = (
				3A34C70626F9DE830077F3CE /* Bundle+Local.swift */,
				A0466B8526281F4E000BFC1D /* UIColor+Theme.swift */,
				3A34C70026F9D8F20077F3CE /* UIImage+Theme.swift */,
				A0592D90263C566D007AB90E /* URL+QueryParameters.swift */,
				3A60033B26FDF2B1005CC447 /* UIScreen+ScreenSize.swift */,
			);
			path = Extensions;
			sourceTree = "<group>";
		};
		A07485382627FFBE00B24AF8 = {
			isa = PBXGroup;
			children = (
				A07485442627FFBE00B24AF8 /* YatLib */,
				A074854F2627FFBE00B24AF8 /* YatLibTests */,
				A0466B2126280019000BFC1D /* YatLibExample */,
				A07485432627FFBE00B24AF8 /* Products */,
				A0466B632628100D000BFC1D /* Frameworks */,
				E6F5001C4B4B84D057971B1F /* Pods */,
			);
			sourceTree = "<group>";
		};
		A07485432627FFBE00B24AF8 /* Products */ = {
			isa = PBXGroup;
			children = (
				A07485422627FFBE00B24AF8 /* YatLib.framework */,
				A074854B2627FFBE00B24AF8 /* YatLibTests.xctest */,
				A0466B2026280019000BFC1D /* YatLibExample.app */,
			);
			name = Products;
			sourceTree = "<group>";
		};
		A07485442627FFBE00B24AF8 /* YatLib */ = {
			isa = PBXGroup;
			children = (
				A0466B43262804DE000BFC1D /* Classes */,
				A0466B3926280403000BFC1D /* Resources */,
			);
			path = YatLib;
			sourceTree = "<group>";
		};
		A074854F2627FFBE00B24AF8 /* YatLibTests */ = {
			isa = PBXGroup;
			children = (
				A07485502627FFBE00B24AF8 /* YatLibTests.swift */,
				A07485522627FFBE00B24AF8 /* Info.plist */,
			);
			path = YatLibTests;
			sourceTree = "<group>";
		};
		E6F5001C4B4B84D057971B1F /* Pods */ = {
			isa = PBXGroup;
			children = (
				2DF449D32A2EB411F67C3708 /* Pods-YatLib.debug.xcconfig */,
				4FAAC572B5146F49A5FAA2C2 /* Pods-YatLib.release.xcconfig */,
				E5D6D02AB8DEE0C0F01299FC /* Pods-YatLib-YatLibTests.debug.xcconfig */,
				7BB3CC669EDA31893CB86CDF /* Pods-YatLib-YatLibTests.release.xcconfig */,
				8764EC057DEE217847FA1313 /* Pods-YatLibExample.debug.xcconfig */,
				7070121BFA6E9AD835466A41 /* Pods-YatLibExample.release.xcconfig */,
			);
			path = Pods;
			sourceTree = "<group>";
		};
/* End PBXGroup section */

/* Begin PBXHeadersBuildPhase section */
		A074853D2627FFBE00B24AF8 /* Headers */ = {
			isa = PBXHeadersBuildPhase;
			buildActionMask = 2147483647;
			files = (
				A07485532627FFBE00B24AF8 /* YatLib.h in Headers */,
			);
			runOnlyForDeploymentPostprocessing = 0;
		};
/* End PBXHeadersBuildPhase section */

/* Begin PBXNativeTarget section */
		A0466B1F26280019000BFC1D /* YatLibExample */ = {
			isa = PBXNativeTarget;
			buildConfigurationList = A0466B332628001C000BFC1D /* Build configuration list for PBXNativeTarget "YatLibExample" */;
			buildPhases = (
				D269D7BA014C0765207825A0 /* [CP] Check Pods Manifest.lock */,
				A0466B1C26280019000BFC1D /* Sources */,
				A0466B1D26280019000BFC1D /* Frameworks */,
				A0466B1E26280019000BFC1D /* Resources */,
				A0466B682628100D000BFC1D /* Embed Frameworks */,
				67D7E6E2A687F8CFCA2988EE /* [CP] Embed Pods Frameworks */,
			);
			buildRules = (
			);
			dependencies = (
				A0466B672628100D000BFC1D /* PBXTargetDependency */,
			);
			name = YatLibExample;
			productName = YatLibExample;
			productReference = A0466B2026280019000BFC1D /* YatLibExample.app */;
			productType = "com.apple.product-type.application";
		};
		A07485412627FFBE00B24AF8 /* YatLib */ = {
			isa = PBXNativeTarget;
			buildConfigurationList = A07485562627FFBE00B24AF8 /* Build configuration list for PBXNativeTarget "YatLib" */;
			buildPhases = (
				2E473B98D851F0E1DF885B74 /* [CP] Check Pods Manifest.lock */,
				A074853D2627FFBE00B24AF8 /* Headers */,
				A074853E2627FFBE00B24AF8 /* Sources */,
				A074853F2627FFBE00B24AF8 /* Frameworks */,
				A07485402627FFBE00B24AF8 /* Resources */,
				A033B2C82636FD840063BFD3 /* Embed Frameworks */,
			);
			buildRules = (
			);
			dependencies = (
			);
			name = YatLib;
			productName = YatLib;
			productReference = A07485422627FFBE00B24AF8 /* YatLib.framework */;
			productType = "com.apple.product-type.framework";
		};
		A074854A2627FFBE00B24AF8 /* YatLibTests */ = {
			isa = PBXNativeTarget;
			buildConfigurationList = A07485592627FFBE00B24AF8 /* Build configuration list for PBXNativeTarget "YatLibTests" */;
			buildPhases = (
				484D672654FDFA0098B93129 /* [CP] Check Pods Manifest.lock */,
				A07485472627FFBE00B24AF8 /* Sources */,
				A07485482627FFBE00B24AF8 /* Frameworks */,
				A07485492627FFBE00B24AF8 /* Resources */,
				70B6C3989A87DCA119E1B58C /* [CP] Embed Pods Frameworks */,
			);
			buildRules = (
			);
			dependencies = (
				A074854E2627FFBE00B24AF8 /* PBXTargetDependency */,
			);
			name = YatLibTests;
			productName = YatLibTests;
			productReference = A074854B2627FFBE00B24AF8 /* YatLibTests.xctest */;
			productType = "com.apple.product-type.bundle.unit-test";
		};
/* End PBXNativeTarget section */

/* Begin PBXProject section */
		A07485392627FFBE00B24AF8 /* Project object */ = {
			isa = PBXProject;
			attributes = {
				LastSwiftUpdateCheck = 1240;
				LastUpgradeCheck = 1240;
				TargetAttributes = {
					A0466B1F26280019000BFC1D = {
						CreatedOnToolsVersion = 12.4;
					};
					A07485412627FFBE00B24AF8 = {
						CreatedOnToolsVersion = 12.4;
						LastSwiftMigration = 1240;
					};
					A074854A2627FFBE00B24AF8 = {
						CreatedOnToolsVersion = 12.4;
					};
				};
			};
			buildConfigurationList = A074853C2627FFBE00B24AF8 /* Build configuration list for PBXProject "YatLib" */;
			compatibilityVersion = "Xcode 9.3";
			developmentRegion = en;
			hasScannedForEncodings = 0;
			knownRegions = (
				en,
				Base,
			);
			mainGroup = A07485382627FFBE00B24AF8;
			productRefGroup = A07485432627FFBE00B24AF8 /* Products */;
			projectDirPath = "";
			projectRoot = "";
			targets = (
				A07485412627FFBE00B24AF8 /* YatLib */,
				A074854A2627FFBE00B24AF8 /* YatLibTests */,
				A0466B1F26280019000BFC1D /* YatLibExample */,
			);
		};
/* End PBXProject section */

/* Begin PBXResourcesBuildPhase section */
		A0466B1E26280019000BFC1D /* Resources */ = {
			isa = PBXResourcesBuildPhase;
			buildActionMask = 2147483647;
			files = (
				A0466B2F2628001C000BFC1D /* LaunchScreen.storyboard in Resources */,
				A0466B2C2628001C000BFC1D /* Assets.xcassets in Resources */,
				A0466B2A26280019000BFC1D /* Main.storyboard in Resources */,
			);
			runOnlyForDeploymentPostprocessing = 0;
		};
		A07485402627FFBE00B24AF8 /* Resources */ = {
			isa = PBXResourcesBuildPhase;
			buildActionMask = 2147483647;
			files = (
				A00351452628493E004E9752 /* Assets.xcassets in Resources */,
				A003513026284515004E9752 /* Localizable.strings in Resources */,
				3A34C6FF26F9B5EE0077F3CE /* Colors.xcassets in Resources */,
			);
			runOnlyForDeploymentPostprocessing = 0;
		};
		A07485492627FFBE00B24AF8 /* Resources */ = {
			isa = PBXResourcesBuildPhase;
			buildActionMask = 2147483647;
			files = (
			);
			runOnlyForDeploymentPostprocessing = 0;
		};
/* End PBXResourcesBuildPhase section */

/* Begin PBXShellScriptBuildPhase section */
		2E473B98D851F0E1DF885B74 /* [CP] Check Pods Manifest.lock */ = {
			isa = PBXShellScriptBuildPhase;
			buildActionMask = 2147483647;
			files = (
			);
			inputFileListPaths = (
			);
			inputPaths = (
				"${PODS_PODFILE_DIR_PATH}/Podfile.lock",
				"${PODS_ROOT}/Manifest.lock",
			);
			name = "[CP] Check Pods Manifest.lock";
			outputFileListPaths = (
			);
			outputPaths = (
				"$(DERIVED_FILE_DIR)/Pods-YatLib-checkManifestLockResult.txt",
			);
			runOnlyForDeploymentPostprocessing = 0;
			shellPath = /bin/sh;
			shellScript = "diff \"${PODS_PODFILE_DIR_PATH}/Podfile.lock\" \"${PODS_ROOT}/Manifest.lock\" > /dev/null\nif [ $? != 0 ] ; then\n    # print error to STDERR\n    echo \"error: The sandbox is not in sync with the Podfile.lock. Run 'pod install' or update your CocoaPods installation.\" >&2\n    exit 1\nfi\n# This output is used by Xcode 'outputs' to avoid re-running this script phase.\necho \"SUCCESS\" > \"${SCRIPT_OUTPUT_FILE_0}\"\n";
			showEnvVarsInLog = 0;
		};
		484D672654FDFA0098B93129 /* [CP] Check Pods Manifest.lock */ = {
			isa = PBXShellScriptBuildPhase;
			buildActionMask = 2147483647;
			files = (
			);
			inputFileListPaths = (
			);
			inputPaths = (
				"${PODS_PODFILE_DIR_PATH}/Podfile.lock",
				"${PODS_ROOT}/Manifest.lock",
			);
			name = "[CP] Check Pods Manifest.lock";
			outputFileListPaths = (
			);
			outputPaths = (
				"$(DERIVED_FILE_DIR)/Pods-YatLib-YatLibTests-checkManifestLockResult.txt",
			);
			runOnlyForDeploymentPostprocessing = 0;
			shellPath = /bin/sh;
			shellScript = "diff \"${PODS_PODFILE_DIR_PATH}/Podfile.lock\" \"${PODS_ROOT}/Manifest.lock\" > /dev/null\nif [ $? != 0 ] ; then\n    # print error to STDERR\n    echo \"error: The sandbox is not in sync with the Podfile.lock. Run 'pod install' or update your CocoaPods installation.\" >&2\n    exit 1\nfi\n# This output is used by Xcode 'outputs' to avoid re-running this script phase.\necho \"SUCCESS\" > \"${SCRIPT_OUTPUT_FILE_0}\"\n";
			showEnvVarsInLog = 0;
		};
		67D7E6E2A687F8CFCA2988EE /* [CP] Embed Pods Frameworks */ = {
			isa = PBXShellScriptBuildPhase;
			buildActionMask = 2147483647;
			files = (
			);
			inputFileListPaths = (
				"${PODS_ROOT}/Target Support Files/Pods-YatLibExample/Pods-YatLibExample-frameworks-${CONFIGURATION}-input-files.xcfilelist",
			);
			name = "[CP] Embed Pods Frameworks";
			outputFileListPaths = (
				"${PODS_ROOT}/Target Support Files/Pods-YatLibExample/Pods-YatLibExample-frameworks-${CONFIGURATION}-output-files.xcfilelist",
			);
			runOnlyForDeploymentPostprocessing = 0;
			shellPath = /bin/sh;
			shellScript = "\"${PODS_ROOT}/Target Support Files/Pods-YatLibExample/Pods-YatLibExample-frameworks.sh\"\n";
			showEnvVarsInLog = 0;
		};
		70B6C3989A87DCA119E1B58C /* [CP] Embed Pods Frameworks */ = {
			isa = PBXShellScriptBuildPhase;
			buildActionMask = 2147483647;
			files = (
			);
			inputFileListPaths = (
				"${PODS_ROOT}/Target Support Files/Pods-YatLib-YatLibTests/Pods-YatLib-YatLibTests-frameworks-${CONFIGURATION}-input-files.xcfilelist",
			);
			name = "[CP] Embed Pods Frameworks";
			outputFileListPaths = (
				"${PODS_ROOT}/Target Support Files/Pods-YatLib-YatLibTests/Pods-YatLib-YatLibTests-frameworks-${CONFIGURATION}-output-files.xcfilelist",
			);
			runOnlyForDeploymentPostprocessing = 0;
			shellPath = /bin/sh;
			shellScript = "\"${PODS_ROOT}/Target Support Files/Pods-YatLib-YatLibTests/Pods-YatLib-YatLibTests-frameworks.sh\"\n";
			showEnvVarsInLog = 0;
		};
		D269D7BA014C0765207825A0 /* [CP] Check Pods Manifest.lock */ = {
			isa = PBXShellScriptBuildPhase;
			buildActionMask = 2147483647;
			files = (
			);
			inputFileListPaths = (
			);
			inputPaths = (
				"${PODS_PODFILE_DIR_PATH}/Podfile.lock",
				"${PODS_ROOT}/Manifest.lock",
			);
			name = "[CP] Check Pods Manifest.lock";
			outputFileListPaths = (
			);
			outputPaths = (
				"$(DERIVED_FILE_DIR)/Pods-YatLibExample-checkManifestLockResult.txt",
			);
			runOnlyForDeploymentPostprocessing = 0;
			shellPath = /bin/sh;
			shellScript = "diff \"${PODS_PODFILE_DIR_PATH}/Podfile.lock\" \"${PODS_ROOT}/Manifest.lock\" > /dev/null\nif [ $? != 0 ] ; then\n    # print error to STDERR\n    echo \"error: The sandbox is not in sync with the Podfile.lock. Run 'pod install' or update your CocoaPods installation.\" >&2\n    exit 1\nfi\n# This output is used by Xcode 'outputs' to avoid re-running this script phase.\necho \"SUCCESS\" > \"${SCRIPT_OUTPUT_FILE_0}\"\n";
			showEnvVarsInLog = 0;
		};
/* End PBXShellScriptBuildPhase section */

/* Begin PBXSourcesBuildPhase section */
		A0466B1C26280019000BFC1D /* Sources */ = {
			isa = PBXSourcesBuildPhase;
			buildActionMask = 2147483647;
			files = (
				A0466B2726280019000BFC1D /* ViewController.swift in Sources */,
				A0466B2326280019000BFC1D /* AppDelegate.swift in Sources */,
				A0466B2526280019000BFC1D /* SceneDelegate.swift in Sources */,
			);
			runOnlyForDeploymentPostprocessing = 0;
		};
		A074853E2627FFBE00B24AF8 /* Sources */ = {
			isa = PBXSourcesBuildPhase;
			buildActionMask = 2147483647;
			files = (
				3A6907D626F4A68D00BAD46C /* OnboardingPage2View.swift in Sources */,
				3A60033026FDE3C8005CC447 /* LookupEmojiIDWithSymbolRequest.swift in Sources */,
				3AE1B50626F09BF3003C6C3E /* YatApiManager.swift in Sources */,
				3A26717B26FAFE1900FA82B1 /* ConnectionSuccessView.swift in Sources */,
				3AE9A44A26F8C4D40042B9DA /* Yat.swift in Sources */,
				3A60032B26FDE36D005CC447 /* Requestable.swift in Sources */,
				3A60033626FDE84B005CC447 /* APIError.swift in Sources */,
				3A6907D426F4A67000BAD46C /* OnboardingPage2ViewController.swift in Sources */,
				A0592D91263C566D007AB90E /* URL+QueryParameters.swift in Sources */,
				3A6907CF26F47D7400BAD46C /* OnboardingView.swift in Sources */,
				3A4B291626F370E5005C7976 /* OnboardingPage1View.swift in Sources */,
				3A60033C26FDF2B1005CC447 /* UIScreen+ScreenSize.swift in Sources */,
				3A4B290C26F34772005C7976 /* OnboardingPage3Model.swift in Sources */,
				3AE9A45026F8C5BF0042B9DA /* YatStyle.swift in Sources */,
				3AE9A44C26F8C5380042B9DA /* YatIntegration.swift in Sources */,
				3A60033826FDE868005CC447 /* OnboardingError.swift in Sources */,
				3A60033A26FDE98F005CC447 /* YatApiWorker.swift in Sources */,
				3A6907D126F4A5B200BAD46C /* BaseOnboardingPageView.swift in Sources */,
				3ACDA857272141C000F08C70 /* VisualizerFileLocations.swift in Sources */,
				3AC4551E26FB886A00F9AFC4 /* YatCapsule.swift in Sources */,
				A0592D83263C3A62007AB90E /* YatRecordInput.swift in Sources */,
				3A6907D926F4AC4100BAD46C /* OnboardingPage3ViewController.swift in Sources */,
				3AC4552026FB88A700F9AFC4 /* CloseButton.swift in Sources */,
				3A4B291926F381DF005C7976 /* OnboardingButton.swift in Sources */,
				3A6907CD26F4696500BAD46C /* OnboardingViewController.swift in Sources */,
				3A26717926FAFE0E00FA82B1 /* ConnectionSuccessViewController.swift in Sources */,
				3A4B291026F36ECE005C7976 /* OnboardingPage1ViewController.swift in Sources */,
				3A34C70126F9D8F20077F3CE /* UIImage+Theme.swift in Sources */,
				3A60033326FDE484005CC447 /* LookupEmojiIDWithSymbolResponse.swift in Sources */,
				3ACDA8542721417400F08C70 /* LoadJsonResponse.swift in Sources */,
				3A6907DB26F4AC6A00BAD46C /* OnboardingPage3View.swift in Sources */,
				3AE9A44E26F8C55A0042B9DA /* YatConfiguration.swift in Sources */,
				3A34C70726F9DE830077F3CE /* Bundle+Local.swift in Sources */,
				3A0DDAA0271ED50200995B3F /* LoadValueFromKeyValueStoreRequest.swift in Sources */,
				A0466B8626281F4E000BFC1D /* UIColor+Theme.swift in Sources */,
				3AE9A45226F8C5FA0042B9DA /* YatEndpoints.swift in Sources */,
			);
			runOnlyForDeploymentPostprocessing = 0;
		};
		A07485472627FFBE00B24AF8 /* Sources */ = {
			isa = PBXSourcesBuildPhase;
			buildActionMask = 2147483647;
			files = (
				A07485512627FFBE00B24AF8 /* YatLibTests.swift in Sources */,
			);
			runOnlyForDeploymentPostprocessing = 0;
		};
/* End PBXSourcesBuildPhase section */

/* Begin PBXTargetDependency section */
		A0466B672628100D000BFC1D /* PBXTargetDependency */ = {
			isa = PBXTargetDependency;
			target = A07485412627FFBE00B24AF8 /* YatLib */;
			targetProxy = A0466B662628100D000BFC1D /* PBXContainerItemProxy */;
		};
		A074854E2627FFBE00B24AF8 /* PBXTargetDependency */ = {
			isa = PBXTargetDependency;
			target = A07485412627FFBE00B24AF8 /* YatLib */;
			targetProxy = A074854D2627FFBE00B24AF8 /* PBXContainerItemProxy */;
		};
/* End PBXTargetDependency section */

/* Begin PBXVariantGroup section */
		A003513226284515004E9752 /* Localizable.strings */ = {
			isa = PBXVariantGroup;
			children = (
				A003513126284515004E9752 /* en */,
			);
			name = Localizable.strings;
			sourceTree = "<group>";
		};
		A0466B2826280019000BFC1D /* Main.storyboard */ = {
			isa = PBXVariantGroup;
			children = (
				A0466B2926280019000BFC1D /* Base */,
			);
			name = Main.storyboard;
			sourceTree = "<group>";
		};
		A0466B2D2628001C000BFC1D /* LaunchScreen.storyboard */ = {
			isa = PBXVariantGroup;
			children = (
				A0466B2E2628001C000BFC1D /* Base */,
			);
			name = LaunchScreen.storyboard;
			sourceTree = "<group>";
		};
/* End PBXVariantGroup section */

/* Begin XCBuildConfiguration section */
		A0466B312628001C000BFC1D /* Debug */ = {
			isa = XCBuildConfiguration;
			baseConfigurationReference = 8764EC057DEE217847FA1313 /* Pods-YatLibExample.debug.xcconfig */;
			buildSettings = {
				ASSETCATALOG_COMPILER_APPICON_NAME = AppIcon;
				ASSETCATALOG_COMPILER_GLOBAL_ACCENT_COLOR_NAME = AccentColor;
				CODE_SIGN_STYLE = Automatic;
				CURRENT_PROJECT_VERSION = 8;
				DEVELOPMENT_TEAM = 8XGMD9X2H2;
				INFOPLIST_FILE = YatLibExample/Resources/Info.plist;
				LD_RUNPATH_SEARCH_PATHS = (
					"$(inherited)",
					"@executable_path/Frameworks",
				);
				MARKETING_VERSION = 0.1.8;
				PRODUCT_BUNDLE_IDENTIFIER = yat.yatlib.example;
				PRODUCT_NAME = "$(TARGET_NAME)";
				SWIFT_VERSION = 5.0;
				TARGETED_DEVICE_FAMILY = "1,2";
			};
			name = Debug;
		};
		A0466B322628001C000BFC1D /* Release */ = {
			isa = XCBuildConfiguration;
			baseConfigurationReference = 7070121BFA6E9AD835466A41 /* Pods-YatLibExample.release.xcconfig */;
			buildSettings = {
				ASSETCATALOG_COMPILER_APPICON_NAME = AppIcon;
				ASSETCATALOG_COMPILER_GLOBAL_ACCENT_COLOR_NAME = AccentColor;
				CODE_SIGN_STYLE = Automatic;
				CURRENT_PROJECT_VERSION = 8;
				DEVELOPMENT_TEAM = 8XGMD9X2H2;
				INFOPLIST_FILE = YatLibExample/Resources/Info.plist;
				LD_RUNPATH_SEARCH_PATHS = (
					"$(inherited)",
					"@executable_path/Frameworks",
				);
				MARKETING_VERSION = 0.1.8;
				PRODUCT_BUNDLE_IDENTIFIER = yat.yatlib.example;
				PRODUCT_NAME = "$(TARGET_NAME)";
				SWIFT_VERSION = 5.0;
				TARGETED_DEVICE_FAMILY = "1,2";
			};
			name = Release;
		};
		A07485542627FFBE00B24AF8 /* Debug */ = {
			isa = XCBuildConfiguration;
			buildSettings = {
				ALWAYS_SEARCH_USER_PATHS = NO;
				CLANG_ANALYZER_NONNULL = YES;
				CLANG_ANALYZER_NUMBER_OBJECT_CONVERSION = YES_AGGRESSIVE;
				CLANG_CXX_LANGUAGE_STANDARD = "gnu++14";
				CLANG_CXX_LIBRARY = "libc++";
				CLANG_ENABLE_MODULES = YES;
				CLANG_ENABLE_OBJC_ARC = YES;
				CLANG_ENABLE_OBJC_WEAK = YES;
				CLANG_WARN_BLOCK_CAPTURE_AUTORELEASING = YES;
				CLANG_WARN_BOOL_CONVERSION = YES;
				CLANG_WARN_COMMA = YES;
				CLANG_WARN_CONSTANT_CONVERSION = YES;
				CLANG_WARN_DEPRECATED_OBJC_IMPLEMENTATIONS = YES;
				CLANG_WARN_DIRECT_OBJC_ISA_USAGE = YES_ERROR;
				CLANG_WARN_DOCUMENTATION_COMMENTS = YES;
				CLANG_WARN_EMPTY_BODY = YES;
				CLANG_WARN_ENUM_CONVERSION = YES;
				CLANG_WARN_INFINITE_RECURSION = YES;
				CLANG_WARN_INT_CONVERSION = YES;
				CLANG_WARN_NON_LITERAL_NULL_CONVERSION = YES;
				CLANG_WARN_OBJC_IMPLICIT_RETAIN_SELF = YES;
				CLANG_WARN_OBJC_LITERAL_CONVERSION = YES;
				CLANG_WARN_OBJC_ROOT_CLASS = YES_ERROR;
				CLANG_WARN_QUOTED_INCLUDE_IN_FRAMEWORK_HEADER = YES;
				CLANG_WARN_RANGE_LOOP_ANALYSIS = YES;
				CLANG_WARN_STRICT_PROTOTYPES = YES;
				CLANG_WARN_SUSPICIOUS_MOVE = YES;
				CLANG_WARN_UNGUARDED_AVAILABILITY = YES_AGGRESSIVE;
				CLANG_WARN_UNREACHABLE_CODE = YES;
				CLANG_WARN__DUPLICATE_METHOD_MATCH = YES;
				COPY_PHASE_STRIP = NO;
				CURRENT_PROJECT_VERSION = 1;
				DEBUG_INFORMATION_FORMAT = dwarf;
				ENABLE_STRICT_OBJC_MSGSEND = YES;
				ENABLE_TESTABILITY = YES;
				GCC_C_LANGUAGE_STANDARD = gnu11;
				GCC_DYNAMIC_NO_PIC = NO;
				GCC_NO_COMMON_BLOCKS = YES;
				GCC_OPTIMIZATION_LEVEL = 0;
				GCC_PREPROCESSOR_DEFINITIONS = (
					"DEBUG=1",
					"$(inherited)",
				);
				GCC_WARN_64_TO_32_BIT_CONVERSION = YES;
				GCC_WARN_ABOUT_RETURN_TYPE = YES_ERROR;
				GCC_WARN_UNDECLARED_SELECTOR = YES;
				GCC_WARN_UNINITIALIZED_AUTOS = YES_AGGRESSIVE;
				GCC_WARN_UNUSED_FUNCTION = YES;
				GCC_WARN_UNUSED_VARIABLE = YES;
				IPHONEOS_DEPLOYMENT_TARGET = 13.0;
				MTL_ENABLE_DEBUG_INFO = INCLUDE_SOURCE;
				MTL_FAST_MATH = YES;
				ONLY_ACTIVE_ARCH = YES;
				SDKROOT = iphoneos;
				SWIFT_ACTIVE_COMPILATION_CONDITIONS = DEBUG;
				SWIFT_OPTIMIZATION_LEVEL = "-Onone";
				VERSIONING_SYSTEM = "apple-generic";
				VERSION_INFO_PREFIX = "";
			};
			name = Debug;
		};
		A07485552627FFBE00B24AF8 /* Release */ = {
			isa = XCBuildConfiguration;
			buildSettings = {
				ALWAYS_SEARCH_USER_PATHS = NO;
				CLANG_ANALYZER_NONNULL = YES;
				CLANG_ANALYZER_NUMBER_OBJECT_CONVERSION = YES_AGGRESSIVE;
				CLANG_CXX_LANGUAGE_STANDARD = "gnu++14";
				CLANG_CXX_LIBRARY = "libc++";
				CLANG_ENABLE_MODULES = YES;
				CLANG_ENABLE_OBJC_ARC = YES;
				CLANG_ENABLE_OBJC_WEAK = YES;
				CLANG_WARN_BLOCK_CAPTURE_AUTORELEASING = YES;
				CLANG_WARN_BOOL_CONVERSION = YES;
				CLANG_WARN_COMMA = YES;
				CLANG_WARN_CONSTANT_CONVERSION = YES;
				CLANG_WARN_DEPRECATED_OBJC_IMPLEMENTATIONS = YES;
				CLANG_WARN_DIRECT_OBJC_ISA_USAGE = YES_ERROR;
				CLANG_WARN_DOCUMENTATION_COMMENTS = YES;
				CLANG_WARN_EMPTY_BODY = YES;
				CLANG_WARN_ENUM_CONVERSION = YES;
				CLANG_WARN_INFINITE_RECURSION = YES;
				CLANG_WARN_INT_CONVERSION = YES;
				CLANG_WARN_NON_LITERAL_NULL_CONVERSION = YES;
				CLANG_WARN_OBJC_IMPLICIT_RETAIN_SELF = YES;
				CLANG_WARN_OBJC_LITERAL_CONVERSION = YES;
				CLANG_WARN_OBJC_ROOT_CLASS = YES_ERROR;
				CLANG_WARN_QUOTED_INCLUDE_IN_FRAMEWORK_HEADER = YES;
				CLANG_WARN_RANGE_LOOP_ANALYSIS = YES;
				CLANG_WARN_STRICT_PROTOTYPES = YES;
				CLANG_WARN_SUSPICIOUS_MOVE = YES;
				CLANG_WARN_UNGUARDED_AVAILABILITY = YES_AGGRESSIVE;
				CLANG_WARN_UNREACHABLE_CODE = YES;
				CLANG_WARN__DUPLICATE_METHOD_MATCH = YES;
				COPY_PHASE_STRIP = NO;
				CURRENT_PROJECT_VERSION = 1;
				DEBUG_INFORMATION_FORMAT = "dwarf-with-dsym";
				ENABLE_NS_ASSERTIONS = NO;
				ENABLE_STRICT_OBJC_MSGSEND = YES;
				GCC_C_LANGUAGE_STANDARD = gnu11;
				GCC_NO_COMMON_BLOCKS = YES;
				GCC_WARN_64_TO_32_BIT_CONVERSION = YES;
				GCC_WARN_ABOUT_RETURN_TYPE = YES_ERROR;
				GCC_WARN_UNDECLARED_SELECTOR = YES;
				GCC_WARN_UNINITIALIZED_AUTOS = YES_AGGRESSIVE;
				GCC_WARN_UNUSED_FUNCTION = YES;
				GCC_WARN_UNUSED_VARIABLE = YES;
				IPHONEOS_DEPLOYMENT_TARGET = 13.0;
				MTL_ENABLE_DEBUG_INFO = NO;
				MTL_FAST_MATH = YES;
				SDKROOT = iphoneos;
				SWIFT_COMPILATION_MODE = wholemodule;
				SWIFT_OPTIMIZATION_LEVEL = "-O";
				VALIDATE_PRODUCT = YES;
				VERSIONING_SYSTEM = "apple-generic";
				VERSION_INFO_PREFIX = "";
			};
			name = Release;
		};
		A07485572627FFBE00B24AF8 /* Debug */ = {
			isa = XCBuildConfiguration;
			baseConfigurationReference = 2DF449D32A2EB411F67C3708 /* Pods-YatLib.debug.xcconfig */;
			buildSettings = {
				CLANG_ENABLE_MODULES = YES;
				CODE_SIGN_STYLE = Automatic;
				CURRENT_PROJECT_VERSION = 8;
				DEFINES_MODULE = YES;
				DEVELOPMENT_TEAM = 8XGMD9X2H2;
				DYLIB_COMPATIBILITY_VERSION = 1;
				DYLIB_CURRENT_VERSION = 1;
				DYLIB_INSTALL_NAME_BASE = "@rpath";
				INFOPLIST_FILE = YatLib/Resources/Info.plist;
				INSTALL_PATH = "$(LOCAL_LIBRARY_DIR)/Frameworks";
				IPHONEOS_DEPLOYMENT_TARGET = 13.0;
				"IPHONEOS_DEPLOYMENT_TARGET[sdk=macosx*]" = 13.2;
				LD_RUNPATH_SEARCH_PATHS = (
					"$(inherited)",
					"@executable_path/Frameworks",
					"@loader_path/Frameworks",
				);
				MARKETING_VERSION = 0.1.8;
				PRODUCT_BUNDLE_IDENTIFIER = YatLib;
				PRODUCT_NAME = "$(TARGET_NAME:c99extidentifier)";
				SKIP_INSTALL = YES;
				SUPPORTS_MACCATALYST = NO;
				SWIFT_OPTIMIZATION_LEVEL = "-Onone";
				SWIFT_VERSION = 5.0;
				TARGETED_DEVICE_FAMILY = "1,2";
			};
			name = Debug;
		};
		A07485582627FFBE00B24AF8 /* Release */ = {
			isa = XCBuildConfiguration;
			baseConfigurationReference = 4FAAC572B5146F49A5FAA2C2 /* Pods-YatLib.release.xcconfig */;
			buildSettings = {
				CLANG_ENABLE_MODULES = YES;
				CODE_SIGN_STYLE = Automatic;
				CURRENT_PROJECT_VERSION = 8;
				DEFINES_MODULE = YES;
				DEVELOPMENT_TEAM = 8XGMD9X2H2;
				DYLIB_COMPATIBILITY_VERSION = 1;
				DYLIB_CURRENT_VERSION = 1;
				DYLIB_INSTALL_NAME_BASE = "@rpath";
				INFOPLIST_FILE = YatLib/Resources/Info.plist;
				INSTALL_PATH = "$(LOCAL_LIBRARY_DIR)/Frameworks";
				IPHONEOS_DEPLOYMENT_TARGET = 13.0;
				"IPHONEOS_DEPLOYMENT_TARGET[sdk=macosx*]" = 13.2;
				LD_RUNPATH_SEARCH_PATHS = (
					"$(inherited)",
					"@executable_path/Frameworks",
					"@loader_path/Frameworks",
				);
				MARKETING_VERSION = 0.1.8;
				PRODUCT_BUNDLE_IDENTIFIER = YatLib;
				PRODUCT_NAME = "$(TARGET_NAME:c99extidentifier)";
				SKIP_INSTALL = YES;
				SUPPORTS_MACCATALYST = NO;
				SWIFT_VERSION = 5.0;
				TARGETED_DEVICE_FAMILY = "1,2";
			};
			name = Release;
		};
		A074855A2627FFBE00B24AF8 /* Debug */ = {
			isa = XCBuildConfiguration;
			baseConfigurationReference = E5D6D02AB8DEE0C0F01299FC /* Pods-YatLib-YatLibTests.debug.xcconfig */;
			buildSettings = {
				ALWAYS_EMBED_SWIFT_STANDARD_LIBRARIES = YES;
				CODE_SIGN_STYLE = Automatic;
				DEVELOPMENT_TEAM = 8XGMD9X2H2;
				INFOPLIST_FILE = YatLibTests/Info.plist;
				LD_RUNPATH_SEARCH_PATHS = (
					"$(inherited)",
					"@executable_path/Frameworks",
					"@loader_path/Frameworks",
				);
				PRODUCT_BUNDLE_IDENTIFIER = yat.YatLibTests;
				PRODUCT_NAME = "$(TARGET_NAME)";
				SWIFT_VERSION = 5.0;
				TARGETED_DEVICE_FAMILY = "1,2";
			};
			name = Debug;
		};
		A074855B2627FFBE00B24AF8 /* Release */ = {
			isa = XCBuildConfiguration;
			baseConfigurationReference = 7BB3CC669EDA31893CB86CDF /* Pods-YatLib-YatLibTests.release.xcconfig */;
			buildSettings = {
				ALWAYS_EMBED_SWIFT_STANDARD_LIBRARIES = YES;
				CODE_SIGN_STYLE = Automatic;
				DEVELOPMENT_TEAM = 8XGMD9X2H2;
				INFOPLIST_FILE = YatLibTests/Info.plist;
				LD_RUNPATH_SEARCH_PATHS = (
					"$(inherited)",
					"@executable_path/Frameworks",
					"@loader_path/Frameworks",
				);
				PRODUCT_BUNDLE_IDENTIFIER = yat.YatLibTests;
				PRODUCT_NAME = "$(TARGET_NAME)";
				SWIFT_VERSION = 5.0;
				TARGETED_DEVICE_FAMILY = "1,2";
			};
			name = Release;
		};
/* End XCBuildConfiguration section */

/* Begin XCConfigurationList section */
		A0466B332628001C000BFC1D /* Build configuration list for PBXNativeTarget "YatLibExample" */ = {
			isa = XCConfigurationList;
			buildConfigurations = (
				A0466B312628001C000BFC1D /* Debug */,
				A0466B322628001C000BFC1D /* Release */,
			);
			defaultConfigurationIsVisible = 0;
			defaultConfigurationName = Release;
		};
		A074853C2627FFBE00B24AF8 /* Build configuration list for PBXProject "YatLib" */ = {
			isa = XCConfigurationList;
			buildConfigurations = (
				A07485542627FFBE00B24AF8 /* Debug */,
				A07485552627FFBE00B24AF8 /* Release */,
			);
			defaultConfigurationIsVisible = 0;
			defaultConfigurationName = Release;
		};
		A07485562627FFBE00B24AF8 /* Build configuration list for PBXNativeTarget "YatLib" */ = {
			isa = XCConfigurationList;
			buildConfigurations = (
				A07485572627FFBE00B24AF8 /* Debug */,
				A07485582627FFBE00B24AF8 /* Release */,
			);
			defaultConfigurationIsVisible = 0;
			defaultConfigurationName = Release;
		};
		A07485592627FFBE00B24AF8 /* Build configuration list for PBXNativeTarget "YatLibTests" */ = {
			isa = XCConfigurationList;
			buildConfigurations = (
				A074855A2627FFBE00B24AF8 /* Debug */,
				A074855B2627FFBE00B24AF8 /* Release */,
			);
			defaultConfigurationIsVisible = 0;
			defaultConfigurationName = Release;
		};
/* End XCConfigurationList section */
	};
	rootObject = A07485392627FFBE00B24AF8 /* Project object */;
}
